// !$*UTF8*$!
{
	archiveVersion = 1;
	classes = {
	};
	objectVersion = 56;
	objects = {

/* Begin PBXBuildFile section */
		F708F68F295DD09500E6E9FA /* HomeViewModel.swift in Sources */ = {isa = PBXBuildFile; fileRef = F708F68E295DD09500E6E9FA /* HomeViewModel.swift */; };
		F708F691295DDB5900E6E9FA /* AddButton.swift in Sources */ = {isa = PBXBuildFile; fileRef = F708F690295DDB5900E6E9FA /* AddButton.swift */; };
		F708F69329607D0200E6E9FA /* NewTransactionFormView.swift in Sources */ = {isa = PBXBuildFile; fileRef = F708F69229607D0200E6E9FA /* NewTransactionFormView.swift */; };
		F708F6992961E77D00E6E9FA /* gothicb.ttf in Resources */ = {isa = PBXBuildFile; fileRef = F708F6982961E77D00E6E9FA /* gothicb.ttf */; };
		F708F6A12964520100E6E9FA /* Keyboard.swift in Sources */ = {isa = PBXBuildFile; fileRef = F708F6A02964520100E6E9FA /* Keyboard.swift */; };
		F708F6A329645E1B00E6E9FA /* Type+CategoryView.swift in Sources */ = {isa = PBXBuildFile; fileRef = F708F6A229645E1B00E6E9FA /* Type+CategoryView.swift */; };
		F709306E2956160C0071BF75 /* DebitCard.swift in Sources */ = {isa = PBXBuildFile; fileRef = F709306D2956160C0071BF75 /* DebitCard.swift */; };
		F7130F992A0297D600972B10 /* PieChart.swift in Sources */ = {isa = PBXBuildFile; fileRef = F7130F982A0297D600972B10 /* PieChart.swift */; };
		F7130F9B2A02A18900972B10 /* DictionaryExtension.swift in Sources */ = {isa = PBXBuildFile; fileRef = F7130F9A2A02A18900972B10 /* DictionaryExtension.swift */; };
		F7130F9F2A02B34A00972B10 /* ExpenseModel.swift in Sources */ = {isa = PBXBuildFile; fileRef = F7130F9E2A02B34A00972B10 /* ExpenseModel.swift */; };
		F7130FA12A02B55E00972B10 /* BarChartView.swift in Sources */ = {isa = PBXBuildFile; fileRef = F7130FA02A02B55E00972B10 /* BarChartView.swift */; };
		F7130FA62A03C3BC00972B10 /* HomeModel.swift in Sources */ = {isa = PBXBuildFile; fileRef = F7130FA52A03C3BC00972B10 /* HomeModel.swift */; };
		F715D615295B3A1100B1177F /* ColorExtension.swift in Sources */ = {isa = PBXBuildFile; fileRef = F715D614295B3A1100B1177F /* ColorExtension.swift */; };
		F719DC04294F0EA600DE1B8E /* mokponApp.swift in Sources */ = {isa = PBXBuildFile; fileRef = F719DC03294F0EA600DE1B8E /* mokponApp.swift */; };
		F719DC06294F0EA600DE1B8E /* ContentView.swift in Sources */ = {isa = PBXBuildFile; fileRef = F719DC05294F0EA600DE1B8E /* ContentView.swift */; };
		F719DC08294F0EA700DE1B8E /* Assets.xcassets in Resources */ = {isa = PBXBuildFile; fileRef = F719DC07294F0EA700DE1B8E /* Assets.xcassets */; };
		F719DC0B294F0EA700DE1B8E /* Preview Assets.xcassets in Resources */ = {isa = PBXBuildFile; fileRef = F719DC0A294F0EA700DE1B8E /* Preview Assets.xcassets */; };
		F719DC14294F344600DE1B8E /* TransactionListView.swift in Sources */ = {isa = PBXBuildFile; fileRef = F719DC13294F344600DE1B8E /* TransactionListView.swift */; };
		F729732C29EC40C50007D493 /* ChartsNavBarView.swift in Sources */ = {isa = PBXBuildFile; fileRef = F729732B29EC40C50007D493 /* ChartsNavBarView.swift */; };
		F729732E29EC44090007D493 /* ChartsHeaderView.swift in Sources */ = {isa = PBXBuildFile; fileRef = F729732D29EC44090007D493 /* ChartsHeaderView.swift */; };
		F729733329F035390007D493 /* CalculatorModel.swift in Sources */ = {isa = PBXBuildFile; fileRef = F729733229F035390007D493 /* CalculatorModel.swift */; };
		F735AB2D29549274007DFBDA /* DMSans-Regular.ttf in Resources */ = {isa = PBXBuildFile; fileRef = F735AB2C29549274007DFBDA /* DMSans-Regular.ttf */; };
		F73DD5E52A0A78B8001BCDAC /* AllTransactuionsView.swift in Sources */ = {isa = PBXBuildFile; fileRef = F73DD5E42A0A78B8001BCDAC /* AllTransactuionsView.swift */; };
		F74128C5298FEA98006D2A8B /* Currencies.swift in Sources */ = {isa = PBXBuildFile; fileRef = F74128C4298FEA98006D2A8B /* Currencies.swift */; };
		F754A44729D6F3E7004A61C8 /* PieSliceView.swift in Sources */ = {isa = PBXBuildFile; fileRef = F754A44629D6F3E7004A61C8 /* PieSliceView.swift */; };
		F754A44A29D704D9004A61C8 /* PieChartView.swift in Sources */ = {isa = PBXBuildFile; fileRef = F754A44929D704D9004A61C8 /* PieChartView.swift */; };
		F75F90BA29C8A35400FAD621 /* ChartsView.swift in Sources */ = {isa = PBXBuildFile; fileRef = F75F90B929C8A35400FAD621 /* ChartsView.swift */; };
		F75F90BC29CDE00A00FAD621 /* ExpenseView.swift in Sources */ = {isa = PBXBuildFile; fileRef = F75F90BB29CDE00A00FAD621 /* ExpenseView.swift */; };
		F78417C029DC4DE9002D1E24 /* ExpensesListView.swift in Sources */ = {isa = PBXBuildFile; fileRef = F78417BF29DC4DE9002D1E24 /* ExpensesListView.swift */; };
		F78780502A0E6E4300244B91 /* APIService.swift in Sources */ = {isa = PBXBuildFile; fileRef = F787804F2A0E6E4300244B91 /* APIService.swift */; };
		F789C06529BA12F7002FBBF7 /* HotkeysView.swift in Sources */ = {isa = PBXBuildFile; fileRef = F789C06429BA12F7002FBBF7 /* HotkeysView.swift */; };
		F79018C129E93FC7001C231D /* ChartsViewModel.swift in Sources */ = {isa = PBXBuildFile; fileRef = F79018C029E93FC7001C231D /* ChartsViewModel.swift */; };
		F79018C329E9416F001C231D /* ChartsModel.swift in Sources */ = {isa = PBXBuildFile; fileRef = F79018C229E9416F001C231D /* ChartsModel.swift */; };
		F79971912A2B9B0F001FEED3 /* CategoryExpensesView.swift in Sources */ = {isa = PBXBuildFile; fileRef = F79971902A2B9B0F001FEED3 /* CategoryExpensesView.swift */; };
		F79971932A2C9FF2001FEED3 /* CategoryExpensesViewModel.swift in Sources */ = {isa = PBXBuildFile; fileRef = F79971922A2C9FF2001FEED3 /* CategoryExpensesViewModel.swift */; };
		F79971952A2D052A001FEED3 /* StringExtension.swift in Sources */ = {isa = PBXBuildFile; fileRef = F79971942A2D052A001FEED3 /* StringExtension.swift */; };
		F7EADA7529C46DF200B177C9 /* CalculatorView.swift in Sources */ = {isa = PBXBuildFile; fileRef = F7EADA7429C46DF200B177C9 /* CalculatorView.swift */; };
		F7EADA7729C5BCA500B177C9 /* NavBarView.swift in Sources */ = {isa = PBXBuildFile; fileRef = F7EADA7629C5BCA500B177C9 /* NavBarView.swift */; };
		F7EADA7929C5BDBD00B177C9 /* NavBarModel.swift in Sources */ = {isa = PBXBuildFile; fileRef = F7EADA7829C5BDBD00B177C9 /* NavBarModel.swift */; };
		F7EADA7B29C5C03600B177C9 /* HomeView.swift in Sources */ = {isa = PBXBuildFile; fileRef = F7EADA7A29C5C03600B177C9 /* HomeView.swift */; };
		F7EF4BAD2A014C680093DA82 /* NewTransactionFormViewModel.swift in Sources */ = {isa = PBXBuildFile; fileRef = F7EF4BAC2A014C680093DA82 /* NewTransactionFormViewModel.swift */; };
		F7FE87A62A14987B005EF3D5 /* CalculatorButton.swift in Sources */ = {isa = PBXBuildFile; fileRef = F7FE87A52A14987B005EF3D5 /* CalculatorButton.swift */; };
/* End PBXBuildFile section */

/* Begin PBXFileReference section */
		F708F68E295DD09500E6E9FA /* HomeViewModel.swift */ = {isa = PBXFileReference; lastKnownFileType = sourcecode.swift; path = HomeViewModel.swift; sourceTree = "<group>"; };
		F708F690295DDB5900E6E9FA /* AddButton.swift */ = {isa = PBXFileReference; lastKnownFileType = sourcecode.swift; path = AddButton.swift; sourceTree = "<group>"; };
		F708F69229607D0200E6E9FA /* NewTransactionFormView.swift */ = {isa = PBXFileReference; lastKnownFileType = sourcecode.swift; path = NewTransactionFormView.swift; sourceTree = "<group>"; };
		F708F6982961E77D00E6E9FA /* gothicb.ttf */ = {isa = PBXFileReference; lastKnownFileType = file; path = gothicb.ttf; sourceTree = "<group>"; };
		F708F6A02964520100E6E9FA /* Keyboard.swift */ = {isa = PBXFileReference; lastKnownFileType = sourcecode.swift; path = Keyboard.swift; sourceTree = "<group>"; };
		F708F6A229645E1B00E6E9FA /* Type+CategoryView.swift */ = {isa = PBXFileReference; lastKnownFileType = sourcecode.swift; path = "Type+CategoryView.swift"; sourceTree = "<group>"; };
		F709306D2956160C0071BF75 /* DebitCard.swift */ = {isa = PBXFileReference; lastKnownFileType = sourcecode.swift; path = DebitCard.swift; sourceTree = "<group>"; };
		F7130F982A0297D600972B10 /* PieChart.swift */ = {isa = PBXFileReference; lastKnownFileType = sourcecode.swift; path = PieChart.swift; sourceTree = "<group>"; };
		F7130F9A2A02A18900972B10 /* DictionaryExtension.swift */ = {isa = PBXFileReference; lastKnownFileType = sourcecode.swift; path = DictionaryExtension.swift; sourceTree = "<group>"; };
		F7130F9E2A02B34A00972B10 /* ExpenseModel.swift */ = {isa = PBXFileReference; lastKnownFileType = sourcecode.swift; path = ExpenseModel.swift; sourceTree = "<group>"; };
		F7130FA02A02B55E00972B10 /* BarChartView.swift */ = {isa = PBXFileReference; lastKnownFileType = sourcecode.swift; path = BarChartView.swift; sourceTree = "<group>"; };
		F7130FA52A03C3BC00972B10 /* HomeModel.swift */ = {isa = PBXFileReference; lastKnownFileType = sourcecode.swift; path = HomeModel.swift; sourceTree = "<group>"; };
		F715D614295B3A1100B1177F /* ColorExtension.swift */ = {isa = PBXFileReference; lastKnownFileType = sourcecode.swift; path = ColorExtension.swift; sourceTree = "<group>"; };
		F719DC00294F0EA600DE1B8E /* mokpon.app */ = {isa = PBXFileReference; explicitFileType = wrapper.application; includeInIndex = 0; path = mokpon.app; sourceTree = BUILT_PRODUCTS_DIR; };
		F719DC03294F0EA600DE1B8E /* mokponApp.swift */ = {isa = PBXFileReference; lastKnownFileType = sourcecode.swift; path = mokponApp.swift; sourceTree = "<group>"; };
		F719DC05294F0EA600DE1B8E /* ContentView.swift */ = {isa = PBXFileReference; lastKnownFileType = sourcecode.swift; path = ContentView.swift; sourceTree = "<group>"; };
		F719DC07294F0EA700DE1B8E /* Assets.xcassets */ = {isa = PBXFileReference; lastKnownFileType = folder.assetcatalog; path = Assets.xcassets; sourceTree = "<group>"; };
		F719DC0A294F0EA700DE1B8E /* Preview Assets.xcassets */ = {isa = PBXFileReference; lastKnownFileType = folder.assetcatalog; path = "Preview Assets.xcassets"; sourceTree = "<group>"; };
		F719DC13294F344600DE1B8E /* TransactionListView.swift */ = {isa = PBXFileReference; lastKnownFileType = sourcecode.swift; path = TransactionListView.swift; sourceTree = "<group>"; };
		F729732B29EC40C50007D493 /* ChartsNavBarView.swift */ = {isa = PBXFileReference; lastKnownFileType = sourcecode.swift; path = ChartsNavBarView.swift; sourceTree = "<group>"; };
		F729732D29EC44090007D493 /* ChartsHeaderView.swift */ = {isa = PBXFileReference; lastKnownFileType = sourcecode.swift; path = ChartsHeaderView.swift; sourceTree = "<group>"; };
		F729733229F035390007D493 /* CalculatorModel.swift */ = {isa = PBXFileReference; lastKnownFileType = sourcecode.swift; path = CalculatorModel.swift; sourceTree = "<group>"; };
		F735AB2C29549274007DFBDA /* DMSans-Regular.ttf */ = {isa = PBXFileReference; lastKnownFileType = file; path = "DMSans-Regular.ttf"; sourceTree = "<group>"; };
		F735AB30295494B9007DFBDA /* Info.plist */ = {isa = PBXFileReference; lastKnownFileType = text.plist; path = Info.plist; sourceTree = "<group>"; };
		F73DD5E42A0A78B8001BCDAC /* AllTransactuionsView.swift */ = {isa = PBXFileReference; lastKnownFileType = sourcecode.swift; path = AllTransactuionsView.swift; sourceTree = "<group>"; };
		F74128C4298FEA98006D2A8B /* Currencies.swift */ = {isa = PBXFileReference; lastKnownFileType = sourcecode.swift; path = Currencies.swift; sourceTree = "<group>"; };
		F754A44629D6F3E7004A61C8 /* PieSliceView.swift */ = {isa = PBXFileReference; lastKnownFileType = sourcecode.swift; path = PieSliceView.swift; sourceTree = "<group>"; };
		F754A44929D704D9004A61C8 /* PieChartView.swift */ = {isa = PBXFileReference; lastKnownFileType = sourcecode.swift; path = PieChartView.swift; sourceTree = "<group>"; };
		F75F90B929C8A35400FAD621 /* ChartsView.swift */ = {isa = PBXFileReference; lastKnownFileType = sourcecode.swift; path = ChartsView.swift; sourceTree = "<group>"; };
		F75F90BB29CDE00A00FAD621 /* ExpenseView.swift */ = {isa = PBXFileReference; lastKnownFileType = sourcecode.swift; path = ExpenseView.swift; sourceTree = "<group>"; };
		F78417BF29DC4DE9002D1E24 /* ExpensesListView.swift */ = {isa = PBXFileReference; lastKnownFileType = sourcecode.swift; path = ExpensesListView.swift; sourceTree = "<group>"; };
		F787804F2A0E6E4300244B91 /* APIService.swift */ = {isa = PBXFileReference; lastKnownFileType = sourcecode.swift; path = APIService.swift; sourceTree = "<group>"; };
		F789C06429BA12F7002FBBF7 /* HotkeysView.swift */ = {isa = PBXFileReference; lastKnownFileType = sourcecode.swift; path = HotkeysView.swift; sourceTree = "<group>"; };
		F79018C029E93FC7001C231D /* ChartsViewModel.swift */ = {isa = PBXFileReference; lastKnownFileType = sourcecode.swift; path = ChartsViewModel.swift; sourceTree = "<group>"; };
		F79018C229E9416F001C231D /* ChartsModel.swift */ = {isa = PBXFileReference; lastKnownFileType = sourcecode.swift; path = ChartsModel.swift; sourceTree = "<group>"; };
		F79971902A2B9B0F001FEED3 /* CategoryExpensesView.swift */ = {isa = PBXFileReference; lastKnownFileType = sourcecode.swift; path = CategoryExpensesView.swift; sourceTree = "<group>"; };
		F79971922A2C9FF2001FEED3 /* CategoryExpensesViewModel.swift */ = {isa = PBXFileReference; lastKnownFileType = sourcecode.swift; path = CategoryExpensesViewModel.swift; sourceTree = "<group>"; };
		F79971942A2D052A001FEED3 /* StringExtension.swift */ = {isa = PBXFileReference; lastKnownFileType = sourcecode.swift; path = StringExtension.swift; sourceTree = "<group>"; };
		F7EADA7429C46DF200B177C9 /* CalculatorView.swift */ = {isa = PBXFileReference; lastKnownFileType = sourcecode.swift; path = CalculatorView.swift; sourceTree = "<group>"; };
		F7EADA7629C5BCA500B177C9 /* NavBarView.swift */ = {isa = PBXFileReference; lastKnownFileType = sourcecode.swift; path = NavBarView.swift; sourceTree = "<group>"; };
		F7EADA7829C5BDBD00B177C9 /* NavBarModel.swift */ = {isa = PBXFileReference; lastKnownFileType = sourcecode.swift; path = NavBarModel.swift; sourceTree = "<group>"; };
		F7EADA7A29C5C03600B177C9 /* HomeView.swift */ = {isa = PBXFileReference; lastKnownFileType = sourcecode.swift; path = HomeView.swift; sourceTree = "<group>"; };
		F7EF4BAC2A014C680093DA82 /* NewTransactionFormViewModel.swift */ = {isa = PBXFileReference; lastKnownFileType = sourcecode.swift; path = NewTransactionFormViewModel.swift; sourceTree = "<group>"; };
		F7FE87A52A14987B005EF3D5 /* CalculatorButton.swift */ = {isa = PBXFileReference; lastKnownFileType = sourcecode.swift; path = CalculatorButton.swift; sourceTree = "<group>"; };
/* End PBXFileReference section */

/* Begin PBXFrameworksBuildPhase section */
		F719DBFD294F0EA600DE1B8E /* Frameworks */ = {
			isa = PBXFrameworksBuildPhase;
			buildActionMask = 2147483647;
			files = (
			);
			runOnlyForDeploymentPostprocessing = 0;
		};
/* End PBXFrameworksBuildPhase section */

/* Begin PBXGroup section */
		F7130F9C2A02B1E900972B10 /* ChartsBar */ = {
			isa = PBXGroup;
			children = (
				F729732B29EC40C50007D493 /* ChartsNavBarView.swift */,
				F729732D29EC44090007D493 /* ChartsHeaderView.swift */,
				F7130FA22A02B93200972B10 /* BarChart */,
				F754A44829D6F3F3004A61C8 /* PieChart */,
			);
			path = ChartsBar;
			sourceTree = "<group>";
		};
		F7130F9D2A02B28500972B10 /* ExpensesList */ = {
			isa = PBXGroup;
			children = (
				F78417BF29DC4DE9002D1E24 /* ExpensesListView.swift */,
				F7130F9E2A02B34A00972B10 /* ExpenseModel.swift */,
				F79971902A2B9B0F001FEED3 /* CategoryExpensesView.swift */,
				F79971922A2C9FF2001FEED3 /* CategoryExpensesViewModel.swift */,
			);
			path = ExpensesList;
			sourceTree = "<group>";
		};
		F7130FA22A02B93200972B10 /* BarChart */ = {
			isa = PBXGroup;
			children = (
				F7130FA02A02B55E00972B10 /* BarChartView.swift */,
			);
			path = BarChart;
			sourceTree = "<group>";
		};
		F7130FA32A037E0A00972B10 /* Components */ = {
			isa = PBXGroup;
			children = (
				F7130FA42A03875700972B10 /* Calculator */,
				F708F6A229645E1B00E6E9FA /* Type+CategoryView.swift */,
				F708F6A02964520100E6E9FA /* Keyboard.swift */,
				F7FE87A52A14987B005EF3D5 /* CalculatorButton.swift */,
				F789C06429BA12F7002FBBF7 /* HotkeysView.swift */,
			);
			path = Components;
			sourceTree = "<group>";
		};
		F7130FA42A03875700972B10 /* Calculator */ = {
			isa = PBXGroup;
			children = (
				F7EADA7429C46DF200B177C9 /* CalculatorView.swift */,
				F729733229F035390007D493 /* CalculatorModel.swift */,
			);
			path = Calculator;
			sourceTree = "<group>";
		};
		F7130FA72A03C42800972B10 /* TransactionsList */ = {
			isa = PBXGroup;
			children = (
				F73DD5E42A0A78B8001BCDAC /* AllTransactuionsView.swift */,
				F719DC13294F344600DE1B8E /* TransactionListView.swift */,
			);
			path = TransactionsList;
			sourceTree = "<group>";
		};
		F7130FA82A03C45700972B10 /* Components */ = {
			isa = PBXGroup;
			children = (
				F708F690295DDB5900E6E9FA /* AddButton.swift */,
				F709306D2956160C0071BF75 /* DebitCard.swift */,
				F74128C4298FEA98006D2A8B /* Currencies.swift */,
				F75F90BB29CDE00A00FAD621 /* ExpenseView.swift */,
			);
			path = Components;
			sourceTree = "<group>";
		};
		F7130FA92A03C5DE00972B10 /* NavBar */ = {
			isa = PBXGroup;
			children = (
				F7EADA7629C5BCA500B177C9 /* NavBarView.swift */,
				F7EADA7829C5BDBD00B177C9 /* NavBarModel.swift */,
			);
			path = NavBar;
			sourceTree = "<group>";
		};
		F715D616295B3A1C00B1177F /* Extensions */ = {
			isa = PBXGroup;
			children = (
				F715D614295B3A1100B1177F /* ColorExtension.swift */,
				F79971942A2D052A001FEED3 /* StringExtension.swift */,
				F7130F9A2A02A18900972B10 /* DictionaryExtension.swift */,
			);
			path = Extensions;
			sourceTree = "<group>";
		};
		F719DBF7294F0EA600DE1B8E = {
			isa = PBXGroup;
			children = (
				F719DC02294F0EA600DE1B8E /* mokpon */,
				F719DC01294F0EA600DE1B8E /* Products */,
			);
			sourceTree = "<group>";
		};
		F719DC01294F0EA600DE1B8E /* Products */ = {
			isa = PBXGroup;
			children = (
				F719DC00294F0EA600DE1B8E /* mokpon.app */,
			);
			name = Products;
			sourceTree = "<group>";
		};
		F719DC02294F0EA600DE1B8E /* mokpon */ = {
			isa = PBXGroup;
			children = (
				F7791CD929E6D3420089E1A6 /* App */,
				F735AB2F2954928C007DFBDA /* Fonts */,
				F715D616295B3A1C00B1177F /* Extensions */,
				F735AB30295494B9007DFBDA /* Info.plist */,
				F719DC07294F0EA700DE1B8E /* Assets.xcassets */,
				F719DC09294F0EA700DE1B8E /* Preview Content */,
			);
			path = mokpon;
			sourceTree = "<group>";
		};
		F719DC09294F0EA700DE1B8E /* Preview Content */ = {
			isa = PBXGroup;
			children = (
				F719DC0A294F0EA700DE1B8E /* Preview Assets.xcassets */,
			);
			path = "Preview Content";
			sourceTree = "<group>";
		};
		F735AB2F2954928C007DFBDA /* Fonts */ = {
			isa = PBXGroup;
			children = (
				F708F6982961E77D00E6E9FA /* gothicb.ttf */,
				F735AB2C29549274007DFBDA /* DMSans-Regular.ttf */,
			);
			path = Fonts;
			sourceTree = "<group>";
		};
		F754A44829D6F3F3004A61C8 /* PieChart */ = {
			isa = PBXGroup;
			children = (
				F754A44929D704D9004A61C8 /* PieChartView.swift */,
				F754A44629D6F3E7004A61C8 /* PieSliceView.swift */,
				F7130F982A0297D600972B10 /* PieChart.swift */,
			);
			path = PieChart;
			sourceTree = "<group>";
		};
		F7791CD929E6D3420089E1A6 /* App */ = {
			isa = PBXGroup;
			children = (
				F719DC03294F0EA600DE1B8E /* mokponApp.swift */,
				F719DC05294F0EA600DE1B8E /* ContentView.swift */,
				F787804F2A0E6E4300244B91 /* APIService.swift */,
				F7791CDA29E6DBA30089E1A6 /* Home */,
				F7791CDF29E6DE350089E1A6 /* Charts */,
				F7130FA92A03C5DE00972B10 /* NavBar */,
				F7130FA82A03C45700972B10 /* Components */,
			);
			path = App;
			sourceTree = "<group>";
		};
		F7791CDA29E6DBA30089E1A6 /* Home */ = {
			isa = PBXGroup;
			children = (
				F7EADA7A29C5C03600B177C9 /* HomeView.swift */,
				F7130FA52A03C3BC00972B10 /* HomeModel.swift */,
				F708F68E295DD09500E6E9FA /* HomeViewModel.swift */,
				F7791CDE29E6DCA30089E1A6 /* NewTransactionForm */,
				F7130FA72A03C42800972B10 /* TransactionsList */,
			);
			path = Home;
			sourceTree = "<group>";
		};
		F7791CDE29E6DCA30089E1A6 /* NewTransactionForm */ = {
			isa = PBXGroup;
			children = (
				F708F69229607D0200E6E9FA /* NewTransactionFormView.swift */,
				F7EF4BAC2A014C680093DA82 /* NewTransactionFormViewModel.swift */,
				F7130FA32A037E0A00972B10 /* Components */,
			);
			path = NewTransactionForm;
			sourceTree = "<group>";
		};
		F7791CDF29E6DE350089E1A6 /* Charts */ = {
			isa = PBXGroup;
			children = (
				F75F90B929C8A35400FAD621 /* ChartsView.swift */,
				F79018C029E93FC7001C231D /* ChartsViewModel.swift */,
				F79018C229E9416F001C231D /* ChartsModel.swift */,
				F7130F9C2A02B1E900972B10 /* ChartsBar */,
				F7130F9D2A02B28500972B10 /* ExpensesList */,
			);
			path = Charts;
			sourceTree = "<group>";
		};
/* End PBXGroup section */

/* Begin PBXNativeTarget section */
		F719DBFF294F0EA600DE1B8E /* mokpon */ = {
			isa = PBXNativeTarget;
			buildConfigurationList = F719DC0E294F0EA700DE1B8E /* Build configuration list for PBXNativeTarget "mokpon" */;
			buildPhases = (
				F719DBFC294F0EA600DE1B8E /* Sources */,
				F719DBFD294F0EA600DE1B8E /* Frameworks */,
				F719DBFE294F0EA600DE1B8E /* Resources */,
			);
			buildRules = (
			);
			dependencies = (
			);
			name = mokpon;
			productName = mokpon;
			productReference = F719DC00294F0EA600DE1B8E /* mokpon.app */;
			productType = "com.apple.product-type.application";
		};
/* End PBXNativeTarget section */

/* Begin PBXProject section */
		F719DBF8294F0EA600DE1B8E /* Project object */ = {
			isa = PBXProject;
			attributes = {
				BuildIndependentTargetsInParallel = 1;
				LastSwiftUpdateCheck = 1410;
				LastUpgradeCheck = 1410;
				TargetAttributes = {
					F719DBFF294F0EA600DE1B8E = {
						CreatedOnToolsVersion = 14.1;
					};
				};
			};
			buildConfigurationList = F719DBFB294F0EA600DE1B8E /* Build configuration list for PBXProject "mokpon" */;
			compatibilityVersion = "Xcode 14.0";
			developmentRegion = en;
			hasScannedForEncodings = 0;
			knownRegions = (
				en,
				Base,
			);
			mainGroup = F719DBF7294F0EA600DE1B8E;
			productRefGroup = F719DC01294F0EA600DE1B8E /* Products */;
			projectDirPath = "";
			projectRoot = "";
			targets = (
				F719DBFF294F0EA600DE1B8E /* mokpon */,
			);
		};
/* End PBXProject section */

/* Begin PBXResourcesBuildPhase section */
		F719DBFE294F0EA600DE1B8E /* Resources */ = {
			isa = PBXResourcesBuildPhase;
			buildActionMask = 2147483647;
			files = (
				F708F6992961E77D00E6E9FA /* gothicb.ttf in Resources */,
				F735AB2D29549274007DFBDA /* DMSans-Regular.ttf in Resources */,
				F719DC0B294F0EA700DE1B8E /* Preview Assets.xcassets in Resources */,
				F719DC08294F0EA700DE1B8E /* Assets.xcassets in Resources */,
			);
			runOnlyForDeploymentPostprocessing = 0;
		};
/* End PBXResourcesBuildPhase section */

/* Begin PBXSourcesBuildPhase section */
		F719DBFC294F0EA600DE1B8E /* Sources */ = {
			isa = PBXSourcesBuildPhase;
			buildActionMask = 2147483647;
			files = (
				F75F90BA29C8A35400FAD621 /* ChartsView.swift in Sources */,
				F78780502A0E6E4300244B91 /* APIService.swift in Sources */,
				F7130FA62A03C3BC00972B10 /* HomeModel.swift in Sources */,
				F73DD5E52A0A78B8001BCDAC /* AllTransactuionsView.swift in Sources */,
				F708F6A329645E1B00E6E9FA /* Type+CategoryView.swift in Sources */,
				F719DC14294F344600DE1B8E /* TransactionListView.swift in Sources */,
				F729732C29EC40C50007D493 /* ChartsNavBarView.swift in Sources */,
				F754A44729D6F3E7004A61C8 /* PieSliceView.swift in Sources */,
				F7130FA12A02B55E00972B10 /* BarChartView.swift in Sources */,
				F7130F9B2A02A18900972B10 /* DictionaryExtension.swift in Sources */,
				F79971952A2D052A001FEED3 /* StringExtension.swift in Sources */,
				F754A44A29D704D9004A61C8 /* PieChartView.swift in Sources */,
				F719DC06294F0EA600DE1B8E /* ContentView.swift in Sources */,
				F79971932A2C9FF2001FEED3 /* CategoryExpensesViewModel.swift in Sources */,
				F79018C129E93FC7001C231D /* ChartsViewModel.swift in Sources */,
				F708F691295DDB5900E6E9FA /* AddButton.swift in Sources */,
				F75F90BC29CDE00A00FAD621 /* ExpenseView.swift in Sources */,
				F7EADA7729C5BCA500B177C9 /* NavBarView.swift in Sources */,
				F79018C329E9416F001C231D /* ChartsModel.swift in Sources */,
				F7EADA7529C46DF200B177C9 /* CalculatorView.swift in Sources */,
				F789C06529BA12F7002FBBF7 /* HotkeysView.swift in Sources */,
				F709306E2956160C0071BF75 /* DebitCard.swift in Sources */,
				F7EADA7B29C5C03600B177C9 /* HomeView.swift in Sources */,
				F7EADA7929C5BDBD00B177C9 /* NavBarModel.swift in Sources */,
				F708F68F295DD09500E6E9FA /* HomeViewModel.swift in Sources */,
				F729733329F035390007D493 /* CalculatorModel.swift in Sources */,
				F74128C5298FEA98006D2A8B /* Currencies.swift in Sources */,
				F7130F992A0297D600972B10 /* PieChart.swift in Sources */,
				F715D615295B3A1100B1177F /* ColorExtension.swift in Sources */,
				F79971912A2B9B0F001FEED3 /* CategoryExpensesView.swift in Sources */,
				F78417C029DC4DE9002D1E24 /* ExpensesListView.swift in Sources */,
				F719DC04294F0EA600DE1B8E /* mokponApp.swift in Sources */,
				F7EF4BAD2A014C680093DA82 /* NewTransactionFormViewModel.swift in Sources */,
				F7FE87A62A14987B005EF3D5 /* CalculatorButton.swift in Sources */,
				F708F6A12964520100E6E9FA /* Keyboard.swift in Sources */,
				F7130F9F2A02B34A00972B10 /* ExpenseModel.swift in Sources */,
				F729732E29EC44090007D493 /* ChartsHeaderView.swift in Sources */,
				F708F69329607D0200E6E9FA /* NewTransactionFormView.swift in Sources */,
			);
			runOnlyForDeploymentPostprocessing = 0;
		};
/* End PBXSourcesBuildPhase section */

/* Begin XCBuildConfiguration section */
		F719DC0C294F0EA700DE1B8E /* Debug */ = {
			isa = XCBuildConfiguration;
			buildSettings = {
				ALWAYS_SEARCH_USER_PATHS = NO;
				CLANG_ANALYZER_NONNULL = YES;
				CLANG_ANALYZER_NUMBER_OBJECT_CONVERSION = YES_AGGRESSIVE;
				CLANG_CXX_LANGUAGE_STANDARD = "gnu++20";
				CLANG_ENABLE_MODULES = YES;
				CLANG_ENABLE_OBJC_ARC = YES;
				CLANG_ENABLE_OBJC_WEAK = YES;
				CLANG_WARN_BLOCK_CAPTURE_AUTORELEASING = YES;
				CLANG_WARN_BOOL_CONVERSION = YES;
				CLANG_WARN_COMMA = YES;
				CLANG_WARN_CONSTANT_CONVERSION = YES;
				CLANG_WARN_DEPRECATED_OBJC_IMPLEMENTATIONS = YES;
				CLANG_WARN_DIRECT_OBJC_ISA_USAGE = YES_ERROR;
				CLANG_WARN_DOCUMENTATION_COMMENTS = YES;
				CLANG_WARN_EMPTY_BODY = YES;
				CLANG_WARN_ENUM_CONVERSION = YES;
				CLANG_WARN_INFINITE_RECURSION = YES;
				CLANG_WARN_INT_CONVERSION = YES;
				CLANG_WARN_NON_LITERAL_NULL_CONVERSION = YES;
				CLANG_WARN_OBJC_IMPLICIT_RETAIN_SELF = YES;
				CLANG_WARN_OBJC_LITERAL_CONVERSION = YES;
				CLANG_WARN_OBJC_ROOT_CLASS = YES_ERROR;
				CLANG_WARN_QUOTED_INCLUDE_IN_FRAMEWORK_HEADER = YES;
				CLANG_WARN_RANGE_LOOP_ANALYSIS = YES;
				CLANG_WARN_STRICT_PROTOTYPES = YES;
				CLANG_WARN_SUSPICIOUS_MOVE = YES;
				CLANG_WARN_UNGUARDED_AVAILABILITY = YES_AGGRESSIVE;
				CLANG_WARN_UNREACHABLE_CODE = YES;
				CLANG_WARN__DUPLICATE_METHOD_MATCH = YES;
				COPY_PHASE_STRIP = NO;
				DEBUG_INFORMATION_FORMAT = dwarf;
				ENABLE_STRICT_OBJC_MSGSEND = YES;
				ENABLE_TESTABILITY = YES;
				GCC_C_LANGUAGE_STANDARD = gnu11;
				GCC_DYNAMIC_NO_PIC = NO;
				GCC_NO_COMMON_BLOCKS = YES;
				GCC_OPTIMIZATION_LEVEL = 0;
				GCC_PREPROCESSOR_DEFINITIONS = (
					"DEBUG=1",
					"$(inherited)",
				);
				GCC_WARN_64_TO_32_BIT_CONVERSION = YES;
				GCC_WARN_ABOUT_RETURN_TYPE = YES_ERROR;
				GCC_WARN_UNDECLARED_SELECTOR = YES;
				GCC_WARN_UNINITIALIZED_AUTOS = YES_AGGRESSIVE;
				GCC_WARN_UNUSED_FUNCTION = YES;
				GCC_WARN_UNUSED_VARIABLE = YES;
				IPHONEOS_DEPLOYMENT_TARGET = 16.1;
				MTL_ENABLE_DEBUG_INFO = INCLUDE_SOURCE;
				MTL_FAST_MATH = YES;
				ONLY_ACTIVE_ARCH = YES;
				SDKROOT = iphoneos;
				SWIFT_ACTIVE_COMPILATION_CONDITIONS = DEBUG;
				SWIFT_OPTIMIZATION_LEVEL = "-Onone";
			};
			name = Debug;
		};
		F719DC0D294F0EA700DE1B8E /* Release */ = {
			isa = XCBuildConfiguration;
			buildSettings = {
				ALWAYS_SEARCH_USER_PATHS = NO;
				CLANG_ANALYZER_NONNULL = YES;
				CLANG_ANALYZER_NUMBER_OBJECT_CONVERSION = YES_AGGRESSIVE;
				CLANG_CXX_LANGUAGE_STANDARD = "gnu++20";
				CLANG_ENABLE_MODULES = YES;
				CLANG_ENABLE_OBJC_ARC = YES;
				CLANG_ENABLE_OBJC_WEAK = YES;
				CLANG_WARN_BLOCK_CAPTURE_AUTORELEASING = YES;
				CLANG_WARN_BOOL_CONVERSION = YES;
				CLANG_WARN_COMMA = YES;
				CLANG_WARN_CONSTANT_CONVERSION = YES;
				CLANG_WARN_DEPRECATED_OBJC_IMPLEMENTATIONS = YES;
				CLANG_WARN_DIRECT_OBJC_ISA_USAGE = YES_ERROR;
				CLANG_WARN_DOCUMENTATION_COMMENTS = YES;
				CLANG_WARN_EMPTY_BODY = YES;
				CLANG_WARN_ENUM_CONVERSION = YES;
				CLANG_WARN_INFINITE_RECURSION = YES;
				CLANG_WARN_INT_CONVERSION = YES;
				CLANG_WARN_NON_LITERAL_NULL_CONVERSION = YES;
				CLANG_WARN_OBJC_IMPLICIT_RETAIN_SELF = YES;
				CLANG_WARN_OBJC_LITERAL_CONVERSION = YES;
				CLANG_WARN_OBJC_ROOT_CLASS = YES_ERROR;
				CLANG_WARN_QUOTED_INCLUDE_IN_FRAMEWORK_HEADER = YES;
				CLANG_WARN_RANGE_LOOP_ANALYSIS = YES;
				CLANG_WARN_STRICT_PROTOTYPES = YES;
				CLANG_WARN_SUSPICIOUS_MOVE = YES;
				CLANG_WARN_UNGUARDED_AVAILABILITY = YES_AGGRESSIVE;
				CLANG_WARN_UNREACHABLE_CODE = YES;
				CLANG_WARN__DUPLICATE_METHOD_MATCH = YES;
				COPY_PHASE_STRIP = NO;
				DEBUG_INFORMATION_FORMAT = "dwarf-with-dsym";
				ENABLE_NS_ASSERTIONS = NO;
				ENABLE_STRICT_OBJC_MSGSEND = YES;
				GCC_C_LANGUAGE_STANDARD = gnu11;
				GCC_NO_COMMON_BLOCKS = YES;
				GCC_WARN_64_TO_32_BIT_CONVERSION = YES;
				GCC_WARN_ABOUT_RETURN_TYPE = YES_ERROR;
				GCC_WARN_UNDECLARED_SELECTOR = YES;
				GCC_WARN_UNINITIALIZED_AUTOS = YES_AGGRESSIVE;
				GCC_WARN_UNUSED_FUNCTION = YES;
				GCC_WARN_UNUSED_VARIABLE = YES;
				IPHONEOS_DEPLOYMENT_TARGET = 16.1;
				MTL_ENABLE_DEBUG_INFO = NO;
				MTL_FAST_MATH = YES;
				SDKROOT = iphoneos;
				SWIFT_COMPILATION_MODE = wholemodule;
				SWIFT_OPTIMIZATION_LEVEL = "-O";
				VALIDATE_PRODUCT = YES;
			};
			name = Release;
		};
		F719DC0F294F0EA700DE1B8E /* Debug */ = {
			isa = XCBuildConfiguration;
			buildSettings = {
				ASSETCATALOG_COMPILER_APPICON_NAME = AppIcon;
				ASSETCATALOG_COMPILER_GLOBAL_ACCENT_COLOR_NAME = AccentColor;
				CODE_SIGN_STYLE = Automatic;
				CURRENT_PROJECT_VERSION = 1;
				DEVELOPMENT_ASSET_PATHS = "\"mokpon/Preview Content\"";
				DEVELOPMENT_TEAM = P4JWM35345;
				ENABLE_PREVIEWS = YES;
				GENERATE_INFOPLIST_FILE = YES;
				INFOPLIST_FILE = mokpon/Info.plist;
				INFOPLIST_KEY_CFBundleDisplayName = "";
				INFOPLIST_KEY_UIApplicationSceneManifest_Generation = YES;
				INFOPLIST_KEY_UIApplicationSupportsIndirectInputEvents = YES;
				INFOPLIST_KEY_UILaunchScreen_Generation = YES;
				INFOPLIST_KEY_UISupportedInterfaceOrientations_iPad = "UIInterfaceOrientationPortrait UIInterfaceOrientationPortraitUpsideDown UIInterfaceOrientationLandscapeLeft UIInterfaceOrientationLandscapeRight";
				INFOPLIST_KEY_UISupportedInterfaceOrientations_iPhone = UIInterfaceOrientationPortrait;
				IPHONEOS_DEPLOYMENT_TARGET = 16.4;
				LD_RUNPATH_SEARCH_PATHS = (
					"$(inherited)",
					"@executable_path/Frameworks",
				);
				MARKETING_VERSION = 1.0;
				PRODUCT_BUNDLE_IDENTIFIER = ab.mokpon;
				PRODUCT_NAME = "$(TARGET_NAME)";
				SWIFT_EMIT_LOC_STRINGS = YES;
				SWIFT_VERSION = 5.0;
				TARGETED_DEVICE_FAMILY = "1,2";
			};
			name = Debug;
		};
		F719DC10294F0EA700DE1B8E /* Release */ = {
			isa = XCBuildConfiguration;
			buildSettings = {
				ASSETCATALOG_COMPILER_APPICON_NAME = AppIcon;
				ASSETCATALOG_COMPILER_GLOBAL_ACCENT_COLOR_NAME = AccentColor;
				CODE_SIGN_STYLE = Automatic;
				CURRENT_PROJECT_VERSION = 1;
				DEVELOPMENT_ASSET_PATHS = "\"mokpon/Preview Content\"";
				DEVELOPMENT_TEAM = P4JWM35345;
				ENABLE_PREVIEWS = YES;
				GENERATE_INFOPLIST_FILE = YES;
				INFOPLIST_FILE = mokpon/Info.plist;
				INFOPLIST_KEY_CFBundleDisplayName = "";
				INFOPLIST_KEY_UIApplicationSceneManifest_Generation = YES;
				INFOPLIST_KEY_UIApplicationSupportsIndirectInputEvents = YES;
				INFOPLIST_KEY_UILaunchScreen_Generation = YES;
				INFOPLIST_KEY_UISupportedInterfaceOrientations_iPad = "UIInterfaceOrientationPortrait UIInterfaceOrientationPortraitUpsideDown UIInterfaceOrientationLandscapeLeft UIInterfaceOrientationLandscapeRight";
				INFOPLIST_KEY_UISupportedInterfaceOrientations_iPhone = UIInterfaceOrientationPortrait;
				IPHONEOS_DEPLOYMENT_TARGET = 16.4;
				LD_RUNPATH_SEARCH_PATHS = (
					"$(inherited)",
					"@executable_path/Frameworks",
				);
				MARKETING_VERSION = 1.0;
				PRODUCT_BUNDLE_IDENTIFIER = ab.mokpon;
				PRODUCT_NAME = "$(TARGET_NAME)";
				SWIFT_EMIT_LOC_STRINGS = YES;
				SWIFT_VERSION = 5.0;
				TARGETED_DEVICE_FAMILY = "1,2";
			};
			name = Release;
		};
/* End XCBuildConfiguration section */

/* Begin XCConfigurationList section */
		F719DBFB294F0EA600DE1B8E /* Build configuration list for PBXProject "mokpon" */ = {
			isa = XCConfigurationList;
			buildConfigurations = (
				F719DC0C294F0EA700DE1B8E /* Debug */,
				F719DC0D294F0EA700DE1B8E /* Release */,
			);
			defaultConfigurationIsVisible = 0;
			defaultConfigurationName = Release;
		};
		F719DC0E294F0EA700DE1B8E /* Build configuration list for PBXNativeTarget "mokpon" */ = {
			isa = XCConfigurationList;
			buildConfigurations = (
				F719DC0F294F0EA700DE1B8E /* Debug */,
				F719DC10294F0EA700DE1B8E /* Release */,
			);
			defaultConfigurationIsVisible = 0;
			defaultConfigurationName = Release;
		};
/* End XCConfigurationList section */
	};
	rootObject = F719DBF8294F0EA600DE1B8E /* Project object */;
}
