// !$*UTF8*$!
{
	archiveVersion = 1;
	classes = {
	};
	objectVersion = 56;
	objects = {

/* Begin PBXBuildFile section */
		F708F68F295DD09500E6E9FA /* HomeViewModel.swift in Sources */ = {isa = PBXBuildFile; fileRef = F708F68E295DD09500E6E9FA /* HomeViewModel.swift */; };
		F708F691295DDB5900E6E9FA /* AddButton.swift in Sources */ = {isa = PBXBuildFile; fileRef = F708F690295DDB5900E6E9FA /* AddButton.swift */; };
		F708F69329607D0200E6E9FA /* NewTransactionFormView.swift in Sources */ = {isa = PBXBuildFile; fileRef = F708F69229607D0200E6E9FA /* NewTransactionFormView.swift */; };
		F708F6992961E77D00E6E9FA /* gothicb.ttf in Resources */ = {isa = PBXBuildFile; fileRef = F708F6982961E77D00E6E9FA /* gothicb.ttf */; };
		F708F6A12964520100E6E9FA /* Keyboard.swift in Sources */ = {isa = PBXBuildFile; fileRef = F708F6A02964520100E6E9FA /* Keyboard.swift */; };
		F708F6A329645E1B00E6E9FA /* Type+CategoryView.swift in Sources */ = {isa = PBXBuildFile; fileRef = F708F6A229645E1B00E6E9FA /* Type+CategoryView.swift */; };
		F709306E2956160C0071BF75 /* DebitCard.swift in Sources */ = {isa = PBXBuildFile; fileRef = F709306D2956160C0071BF75 /* DebitCard.swift */; };
		F7130F992A0297D600972B10 /* PieChart.swift in Sources */ = {isa = PBXBuildFile; fileRef = F7130F982A0297D600972B10 /* PieChart.swift */; };
		F7130F9B2A02A18900972B10 /* DictionaryExtension.swift in Sources */ = {isa = PBXBuildFile; fileRef = F7130F9A2A02A18900972B10 /* DictionaryExtension.swift */; };
		F7130FA12A02B55E00972B10 /* BarChartView.swift in Sources */ = {isa = PBXBuildFile; fileRef = F7130FA02A02B55E00972B10 /* BarChartView.swift */; };
		F7130FA62A03C3BC00972B10 /* HomeModel.swift in Sources */ = {isa = PBXBuildFile; fileRef = F7130FA52A03C3BC00972B10 /* HomeModel.swift */; };
		F715D615295B3A1100B1177F /* ColorExtension.swift in Sources */ = {isa = PBXBuildFile; fileRef = F715D614295B3A1100B1177F /* ColorExtension.swift */; };
		F719DC04294F0EA600DE1B8E /* MokponApp.swift in Sources */ = {isa = PBXBuildFile; fileRef = F719DC03294F0EA600DE1B8E /* MokponApp.swift */; };
		F719DC06294F0EA600DE1B8E /* RootTabView.swift in Sources */ = {isa = PBXBuildFile; fileRef = F719DC05294F0EA600DE1B8E /* RootTabView.swift */; };
		F719DC08294F0EA700DE1B8E /* Assets.xcassets in Resources */ = {isa = PBXBuildFile; fileRef = F719DC07294F0EA700DE1B8E /* Assets.xcassets */; };
		F719DC0B294F0EA700DE1B8E /* Preview Assets.xcassets in Resources */ = {isa = PBXBuildFile; fileRef = F719DC0A294F0EA700DE1B8E /* Preview Assets.xcassets */; };
		F719DC14294F344600DE1B8E /* TransactionListView.swift in Sources */ = {isa = PBXBuildFile; fileRef = F719DC13294F344600DE1B8E /* TransactionListView.swift */; };
		F729732C29EC40C50007D493 /* ChartsNavBarView.swift in Sources */ = {isa = PBXBuildFile; fileRef = F729732B29EC40C50007D493 /* ChartsNavBarView.swift */; };
		F729732E29EC44090007D493 /* ChartsHeaderView.swift in Sources */ = {isa = PBXBuildFile; fileRef = F729732D29EC44090007D493 /* ChartsHeaderView.swift */; };
		F735AB2D29549274007DFBDA /* DMSans-Regular.ttf in Resources */ = {isa = PBXBuildFile; fileRef = F735AB2C29549274007DFBDA /* DMSans-Regular.ttf */; };
		F73DD5E52A0A78B8001BCDAC /* AllTransactuionsView.swift in Sources */ = {isa = PBXBuildFile; fileRef = F73DD5E42A0A78B8001BCDAC /* AllTransactuionsView.swift */; };
		F74128C5298FEA98006D2A8B /* Currencies.swift in Sources */ = {isa = PBXBuildFile; fileRef = F74128C4298FEA98006D2A8B /* Currencies.swift */; };
		F7470F6E2AB98B0F00DB4847 /* SliderPad.swift in Sources */ = {isa = PBXBuildFile; fileRef = F7470F6D2AB98B0F00DB4847 /* SliderPad.swift */; };
		F7470F702AB9C99600DB4847 /* BackgroundCloud.swift in Sources */ = {isa = PBXBuildFile; fileRef = F7470F6F2AB9C99600DB4847 /* BackgroundCloud.swift */; };
		F7470F722ABAED8600DB4847 /* TextExtension.swift in Sources */ = {isa = PBXBuildFile; fileRef = F7470F712ABAED8600DB4847 /* TextExtension.swift */; };
		F754A44729D6F3E7004A61C8 /* PieSliceView.swift in Sources */ = {isa = PBXBuildFile; fileRef = F754A44629D6F3E7004A61C8 /* PieSliceView.swift */; };
		F754A44A29D704D9004A61C8 /* PieChartView.swift in Sources */ = {isa = PBXBuildFile; fileRef = F754A44929D704D9004A61C8 /* PieChartView.swift */; };
		F75F77502A98E35E00C658F1 /* FireStoreQueryExtension.swift in Sources */ = {isa = PBXBuildFile; fileRef = F75F774F2A98E35E00C658F1 /* FireStoreQueryExtension.swift */; };
		F75F77522A9A0B9100C658F1 /* TransactionManager.swift in Sources */ = {isa = PBXBuildFile; fileRef = F75F77512A9A0B9100C658F1 /* TransactionManager.swift */; };
		F75F77582AA4828500C658F1 /* AmountManager.swift in Sources */ = {isa = PBXBuildFile; fileRef = F75F77572AA4828500C658F1 /* AmountManager.swift */; };
		F75F775A2AA61D3900C658F1 /* ChartsManager.swift in Sources */ = {isa = PBXBuildFile; fileRef = F75F77592AA61D3900C658F1 /* ChartsManager.swift */; };
		F75F775C2AA721CE00C658F1 /* DateExtension.swift in Sources */ = {isa = PBXBuildFile; fileRef = F75F775B2AA721CE00C658F1 /* DateExtension.swift */; };
		F75F77622AADF76000C658F1 /* NumberPad.swift in Sources */ = {isa = PBXBuildFile; fileRef = F75F77612AADF76000C658F1 /* NumberPad.swift */; };
		F75F77642AAE588900C658F1 /* SubcategoryInput.swift in Sources */ = {isa = PBXBuildFile; fileRef = F75F77632AAE588900C658F1 /* SubcategoryInput.swift */; };
		F75F90BA29C8A35400FAD621 /* ChartsView.swift in Sources */ = {isa = PBXBuildFile; fileRef = F75F90B929C8A35400FAD621 /* ChartsView.swift */; };
		F75F90BC29CDE00A00FAD621 /* ExpenseView.swift in Sources */ = {isa = PBXBuildFile; fileRef = F75F90BB29CDE00A00FAD621 /* ExpenseView.swift */; };
		F7696C782A8A6E61003239E0 /* GoogleSignIn in Frameworks */ = {isa = PBXBuildFile; productRef = F7696C772A8A6E61003239E0 /* GoogleSignIn */; };
		F7696C7A2A8A6E61003239E0 /* GoogleSignInSwift in Frameworks */ = {isa = PBXBuildFile; productRef = F7696C792A8A6E61003239E0 /* GoogleSignInSwift */; };
		F7696C7D2A8A7192003239E0 /* Utilities.swift in Sources */ = {isa = PBXBuildFile; fileRef = F7696C7C2A8A7192003239E0 /* Utilities.swift */; };
		F7696C7F2A8A790D003239E0 /* SignInGoogleHelper.swift in Sources */ = {isa = PBXBuildFile; fileRef = F7696C7E2A8A790D003239E0 /* SignInGoogleHelper.swift */; };
		F7696C812A8F9EF1003239E0 /* FirebaseFirestore in Frameworks */ = {isa = PBXBuildFile; productRef = F7696C802A8F9EF1003239E0 /* FirebaseFirestore */; };
		F7696C832A8F9EF1003239E0 /* FirebaseFirestoreSwift in Frameworks */ = {isa = PBXBuildFile; productRef = F7696C822A8F9EF1003239E0 /* FirebaseFirestoreSwift */; };
		F7696C8A2A8FA144003239E0 /* UserManager.swift in Sources */ = {isa = PBXBuildFile; fileRef = F7696C892A8FA144003239E0 /* UserManager.swift */; };
		F7696C8C2A8FA728003239E0 /* SettingsViewModel.swift in Sources */ = {isa = PBXBuildFile; fileRef = F7696C8B2A8FA728003239E0 /* SettingsViewModel.swift */; };
		F7696C8F2A8FA768003239E0 /* ProfileView.swift in Sources */ = {isa = PBXBuildFile; fileRef = F7696C8E2A8FA768003239E0 /* ProfileView.swift */; };
		F7696C912A924D09003239E0 /* DirectoriesManager.swift in Sources */ = {isa = PBXBuildFile; fileRef = F7696C902A924D09003239E0 /* DirectoriesManager.swift */; };
		F78417C029DC4DE9002D1E24 /* ExpensesListView.swift in Sources */ = {isa = PBXBuildFile; fileRef = F78417BF29DC4DE9002D1E24 /* ExpensesListView.swift */; };
		F78780502A0E6E4300244B91 /* CurrencyManager.swift in Sources */ = {isa = PBXBuildFile; fileRef = F787804F2A0E6E4300244B91 /* CurrencyManager.swift */; };
		F789C06529BA12F7002FBBF7 /* HotkeysView.swift in Sources */ = {isa = PBXBuildFile; fileRef = F789C06429BA12F7002FBBF7 /* HotkeysView.swift */; };
		F79018C129E93FC7001C231D /* ChartsViewModel.swift in Sources */ = {isa = PBXBuildFile; fileRef = F79018C029E93FC7001C231D /* ChartsViewModel.swift */; };
		F79018C329E9416F001C231D /* ChartsModel.swift in Sources */ = {isa = PBXBuildFile; fileRef = F79018C229E9416F001C231D /* ChartsModel.swift */; };
		F79971912A2B9B0F001FEED3 /* CategoryExpensesView.swift in Sources */ = {isa = PBXBuildFile; fileRef = F79971902A2B9B0F001FEED3 /* CategoryExpensesView.swift */; };
		F79971932A2C9FF2001FEED3 /* CategoryExpensesViewModel.swift in Sources */ = {isa = PBXBuildFile; fileRef = F79971922A2C9FF2001FEED3 /* CategoryExpensesViewModel.swift */; };
		F79971952A2D052A001FEED3 /* StringExtension.swift in Sources */ = {isa = PBXBuildFile; fileRef = F79971942A2D052A001FEED3 /* StringExtension.swift */; };
		F7AD5F0D2B52F270003B34E7 /* mokponTests.swift in Sources */ = {isa = PBXBuildFile; fileRef = F7AD5F0C2B52F270003B34E7 /* mokponTests.swift */; };
		F7AF33FE2ACDD13600EAC94B /* RootTabViewModel.swift in Sources */ = {isa = PBXBuildFile; fileRef = F7AF33FD2ACDD13600EAC94B /* RootTabViewModel.swift */; };
		F7AF34002ACDD2E000EAC94B /* AppContext.swift in Sources */ = {isa = PBXBuildFile; fileRef = F7AF33FF2ACDD2E000EAC94B /* AppContext.swift */; };
		F7B7B60E2CFB5E5800834F3F /* ArrayExtension.swift in Sources */ = {isa = PBXBuildFile; fileRef = F7B7B60D2CFB5E5300834F3F /* ArrayExtension.swift */; };
		F7E42C8A2A7A8E2E004E0BDE /* GoogleService-Info.plist in Resources */ = {isa = PBXBuildFile; fileRef = F7E42C892A7A8E2E004E0BDE /* GoogleService-Info.plist */; };
		F7E42C8D2A7A8F8C004E0BDE /* FirebaseAnalytics in Frameworks */ = {isa = PBXBuildFile; productRef = F7E42C8C2A7A8F8C004E0BDE /* FirebaseAnalytics */; };
		F7E42C8F2A7A8F8C004E0BDE /* FirebaseAnalyticsSwift in Frameworks */ = {isa = PBXBuildFile; productRef = F7E42C8E2A7A8F8C004E0BDE /* FirebaseAnalyticsSwift */; };
		F7E42C922A7A9431004E0BDE /* FirebaseAuth in Frameworks */ = {isa = PBXBuildFile; productRef = F7E42C912A7A9431004E0BDE /* FirebaseAuth */; };
		F7E42C952A7A94CE004E0BDE /* AuthenticationView.swift in Sources */ = {isa = PBXBuildFile; fileRef = F7E42C942A7A94CE004E0BDE /* AuthenticationView.swift */; };
		F7E42C972A7A95E2004E0BDE /* SignInEmailView.swift in Sources */ = {isa = PBXBuildFile; fileRef = F7E42C962A7A95E2004E0BDE /* SignInEmailView.swift */; };
		F7E42C992A7A9757004E0BDE /* AuthenticationManager.swift in Sources */ = {isa = PBXBuildFile; fileRef = F7E42C982A7A9757004E0BDE /* AuthenticationManager.swift */; };
		F7E42C9B2A7AABA3004E0BDE /* RootView.swift in Sources */ = {isa = PBXBuildFile; fileRef = F7E42C9A2A7AABA3004E0BDE /* RootView.swift */; };
		F7E42C9E2A7AADAB004E0BDE /* SettingsView.swift in Sources */ = {isa = PBXBuildFile; fileRef = F7E42C9D2A7AADAB004E0BDE /* SettingsView.swift */; };
		F7EADA7529C46DF200B177C9 /* CalculatorView.swift in Sources */ = {isa = PBXBuildFile; fileRef = F7EADA7429C46DF200B177C9 /* CalculatorView.swift */; };
		F7EADA7729C5BCA500B177C9 /* NavBarView.swift in Sources */ = {isa = PBXBuildFile; fileRef = F7EADA7629C5BCA500B177C9 /* NavBarView.swift */; };
		F7EADA7929C5BDBD00B177C9 /* NavBarModel.swift in Sources */ = {isa = PBXBuildFile; fileRef = F7EADA7829C5BDBD00B177C9 /* NavBarModel.swift */; };
		F7EADA7B29C5C03600B177C9 /* HomeView.swift in Sources */ = {isa = PBXBuildFile; fileRef = F7EADA7A29C5C03600B177C9 /* HomeView.swift */; };
		F7EF4BAD2A014C680093DA82 /* NewTransactionFormViewModel.swift in Sources */ = {isa = PBXBuildFile; fileRef = F7EF4BAC2A014C680093DA82 /* NewTransactionFormViewModel.swift */; };
		F7FE87A62A14987B005EF3D5 /* CalculatorButton.swift in Sources */ = {isa = PBXBuildFile; fileRef = F7FE87A52A14987B005EF3D5 /* CalculatorButton.swift */; };
/* End PBXBuildFile section */

/* Begin PBXContainerItemProxy section */
		F7AD5F0E2B52F270003B34E7 /* PBXContainerItemProxy */ = {
			isa = PBXContainerItemProxy;
			containerPortal = F719DBF8294F0EA600DE1B8E /* Project object */;
			proxyType = 1;
			remoteGlobalIDString = F719DBFF294F0EA600DE1B8E;
			remoteInfo = mokpon;
		};
/* End PBXContainerItemProxy section */

/* Begin PBXFileReference section */
		F708F68E295DD09500E6E9FA /* HomeViewModel.swift */ = {isa = PBXFileReference; lastKnownFileType = sourcecode.swift; path = HomeViewModel.swift; sourceTree = "<group>"; };
		F708F690295DDB5900E6E9FA /* AddButton.swift */ = {isa = PBXFileReference; lastKnownFileType = sourcecode.swift; path = AddButton.swift; sourceTree = "<group>"; };
		F708F69229607D0200E6E9FA /* NewTransactionFormView.swift */ = {isa = PBXFileReference; lastKnownFileType = sourcecode.swift; path = NewTransactionFormView.swift; sourceTree = "<group>"; };
		F708F6982961E77D00E6E9FA /* gothicb.ttf */ = {isa = PBXFileReference; lastKnownFileType = file; path = gothicb.ttf; sourceTree = "<group>"; };
		F708F6A02964520100E6E9FA /* Keyboard.swift */ = {isa = PBXFileReference; lastKnownFileType = sourcecode.swift; path = Keyboard.swift; sourceTree = "<group>"; };
		F708F6A229645E1B00E6E9FA /* Type+CategoryView.swift */ = {isa = PBXFileReference; lastKnownFileType = sourcecode.swift; path = "Type+CategoryView.swift"; sourceTree = "<group>"; };
		F709306D2956160C0071BF75 /* DebitCard.swift */ = {isa = PBXFileReference; lastKnownFileType = sourcecode.swift; path = DebitCard.swift; sourceTree = "<group>"; };
		F7130F982A0297D600972B10 /* PieChart.swift */ = {isa = PBXFileReference; lastKnownFileType = sourcecode.swift; path = PieChart.swift; sourceTree = "<group>"; };
		F7130F9A2A02A18900972B10 /* DictionaryExtension.swift */ = {isa = PBXFileReference; lastKnownFileType = sourcecode.swift; path = DictionaryExtension.swift; sourceTree = "<group>"; };
		F7130FA02A02B55E00972B10 /* BarChartView.swift */ = {isa = PBXFileReference; lastKnownFileType = sourcecode.swift; path = BarChartView.swift; sourceTree = "<group>"; };
		F7130FA52A03C3BC00972B10 /* HomeModel.swift */ = {isa = PBXFileReference; lastKnownFileType = sourcecode.swift; path = HomeModel.swift; sourceTree = "<group>"; };
		F715D614295B3A1100B1177F /* ColorExtension.swift */ = {isa = PBXFileReference; lastKnownFileType = sourcecode.swift; path = ColorExtension.swift; sourceTree = "<group>"; };
		F719DC00294F0EA600DE1B8E /* mokpon.app */ = {isa = PBXFileReference; explicitFileType = wrapper.application; includeInIndex = 0; path = mokpon.app; sourceTree = BUILT_PRODUCTS_DIR; };
		F719DC03294F0EA600DE1B8E /* MokponApp.swift */ = {isa = PBXFileReference; lastKnownFileType = sourcecode.swift; path = MokponApp.swift; sourceTree = "<group>"; };
		F719DC05294F0EA600DE1B8E /* RootTabView.swift */ = {isa = PBXFileReference; lastKnownFileType = sourcecode.swift; path = RootTabView.swift; sourceTree = "<group>"; };
		F719DC07294F0EA700DE1B8E /* Assets.xcassets */ = {isa = PBXFileReference; lastKnownFileType = folder.assetcatalog; path = Assets.xcassets; sourceTree = "<group>"; };
		F719DC0A294F0EA700DE1B8E /* Preview Assets.xcassets */ = {isa = PBXFileReference; lastKnownFileType = folder.assetcatalog; path = "Preview Assets.xcassets"; sourceTree = "<group>"; };
		F719DC13294F344600DE1B8E /* TransactionListView.swift */ = {isa = PBXFileReference; lastKnownFileType = sourcecode.swift; path = TransactionListView.swift; sourceTree = "<group>"; };
		F729732B29EC40C50007D493 /* ChartsNavBarView.swift */ = {isa = PBXFileReference; lastKnownFileType = sourcecode.swift; path = ChartsNavBarView.swift; sourceTree = "<group>"; };
		F729732D29EC44090007D493 /* ChartsHeaderView.swift */ = {isa = PBXFileReference; lastKnownFileType = sourcecode.swift; path = ChartsHeaderView.swift; sourceTree = "<group>"; };
		F735AB2C29549274007DFBDA /* DMSans-Regular.ttf */ = {isa = PBXFileReference; lastKnownFileType = file; path = "DMSans-Regular.ttf"; sourceTree = "<group>"; };
		F735AB30295494B9007DFBDA /* Info.plist */ = {isa = PBXFileReference; lastKnownFileType = text.plist; path = Info.plist; sourceTree = "<group>"; };
		F73DD5E42A0A78B8001BCDAC /* AllTransactuionsView.swift */ = {isa = PBXFileReference; lastKnownFileType = sourcecode.swift; path = AllTransactuionsView.swift; sourceTree = "<group>"; };
		F74128C4298FEA98006D2A8B /* Currencies.swift */ = {isa = PBXFileReference; lastKnownFileType = sourcecode.swift; path = Currencies.swift; sourceTree = "<group>"; };
		F7470F6D2AB98B0F00DB4847 /* SliderPad.swift */ = {isa = PBXFileReference; lastKnownFileType = sourcecode.swift; path = SliderPad.swift; sourceTree = "<group>"; };
		F7470F6F2AB9C99600DB4847 /* BackgroundCloud.swift */ = {isa = PBXFileReference; lastKnownFileType = sourcecode.swift; path = BackgroundCloud.swift; sourceTree = "<group>"; };
		F7470F712ABAED8600DB4847 /* TextExtension.swift */ = {isa = PBXFileReference; lastKnownFileType = sourcecode.swift; path = TextExtension.swift; sourceTree = "<group>"; };
		F754A44629D6F3E7004A61C8 /* PieSliceView.swift */ = {isa = PBXFileReference; lastKnownFileType = sourcecode.swift; path = PieSliceView.swift; sourceTree = "<group>"; };
		F754A44929D704D9004A61C8 /* PieChartView.swift */ = {isa = PBXFileReference; lastKnownFileType = sourcecode.swift; path = PieChartView.swift; sourceTree = "<group>"; };
		F75F774F2A98E35E00C658F1 /* FireStoreQueryExtension.swift */ = {isa = PBXFileReference; lastKnownFileType = sourcecode.swift; path = FireStoreQueryExtension.swift; sourceTree = "<group>"; };
		F75F77512A9A0B9100C658F1 /* TransactionManager.swift */ = {isa = PBXFileReference; lastKnownFileType = sourcecode.swift; path = TransactionManager.swift; sourceTree = "<group>"; };
		F75F77572AA4828500C658F1 /* AmountManager.swift */ = {isa = PBXFileReference; lastKnownFileType = sourcecode.swift; path = AmountManager.swift; sourceTree = "<group>"; };
		F75F77592AA61D3900C658F1 /* ChartsManager.swift */ = {isa = PBXFileReference; lastKnownFileType = sourcecode.swift; path = ChartsManager.swift; sourceTree = "<group>"; };
		F75F775B2AA721CE00C658F1 /* DateExtension.swift */ = {isa = PBXFileReference; lastKnownFileType = sourcecode.swift; path = DateExtension.swift; sourceTree = "<group>"; };
		F75F77612AADF76000C658F1 /* NumberPad.swift */ = {isa = PBXFileReference; lastKnownFileType = sourcecode.swift; path = NumberPad.swift; sourceTree = "<group>"; };
		F75F77632AAE588900C658F1 /* SubcategoryInput.swift */ = {isa = PBXFileReference; lastKnownFileType = sourcecode.swift; path = SubcategoryInput.swift; sourceTree = "<group>"; };
		F75F90B929C8A35400FAD621 /* ChartsView.swift */ = {isa = PBXFileReference; lastKnownFileType = sourcecode.swift; path = ChartsView.swift; sourceTree = "<group>"; };
		F75F90BB29CDE00A00FAD621 /* ExpenseView.swift */ = {isa = PBXFileReference; lastKnownFileType = sourcecode.swift; path = ExpenseView.swift; sourceTree = "<group>"; };
		F7696C7C2A8A7192003239E0 /* Utilities.swift */ = {isa = PBXFileReference; lastKnownFileType = sourcecode.swift; path = Utilities.swift; sourceTree = "<group>"; };
		F7696C7E2A8A790D003239E0 /* SignInGoogleHelper.swift */ = {isa = PBXFileReference; lastKnownFileType = sourcecode.swift; path = SignInGoogleHelper.swift; sourceTree = "<group>"; };
		F7696C892A8FA144003239E0 /* UserManager.swift */ = {isa = PBXFileReference; lastKnownFileType = sourcecode.swift; path = UserManager.swift; sourceTree = "<group>"; };
		F7696C8B2A8FA728003239E0 /* SettingsViewModel.swift */ = {isa = PBXFileReference; lastKnownFileType = sourcecode.swift; path = SettingsViewModel.swift; sourceTree = "<group>"; };
		F7696C8E2A8FA768003239E0 /* ProfileView.swift */ = {isa = PBXFileReference; lastKnownFileType = sourcecode.swift; path = ProfileView.swift; sourceTree = "<group>"; };
		F7696C902A924D09003239E0 /* DirectoriesManager.swift */ = {isa = PBXFileReference; lastKnownFileType = sourcecode.swift; path = DirectoriesManager.swift; sourceTree = "<group>"; };
		F78417BF29DC4DE9002D1E24 /* ExpensesListView.swift */ = {isa = PBXFileReference; lastKnownFileType = sourcecode.swift; path = ExpensesListView.swift; sourceTree = "<group>"; };
		F787804F2A0E6E4300244B91 /* CurrencyManager.swift */ = {isa = PBXFileReference; lastKnownFileType = sourcecode.swift; path = CurrencyManager.swift; sourceTree = "<group>"; };
		F789C06429BA12F7002FBBF7 /* HotkeysView.swift */ = {isa = PBXFileReference; lastKnownFileType = sourcecode.swift; path = HotkeysView.swift; sourceTree = "<group>"; };
		F79018C029E93FC7001C231D /* ChartsViewModel.swift */ = {isa = PBXFileReference; lastKnownFileType = sourcecode.swift; path = ChartsViewModel.swift; sourceTree = "<group>"; };
		F79018C229E9416F001C231D /* ChartsModel.swift */ = {isa = PBXFileReference; lastKnownFileType = sourcecode.swift; path = ChartsModel.swift; sourceTree = "<group>"; };
		F79971902A2B9B0F001FEED3 /* CategoryExpensesView.swift */ = {isa = PBXFileReference; lastKnownFileType = sourcecode.swift; path = CategoryExpensesView.swift; sourceTree = "<group>"; };
		F79971922A2C9FF2001FEED3 /* CategoryExpensesViewModel.swift */ = {isa = PBXFileReference; lastKnownFileType = sourcecode.swift; path = CategoryExpensesViewModel.swift; sourceTree = "<group>"; };
		F79971942A2D052A001FEED3 /* StringExtension.swift */ = {isa = PBXFileReference; lastKnownFileType = sourcecode.swift; path = StringExtension.swift; sourceTree = "<group>"; };
		F7AD5F0A2B52F26F003B34E7 /* mokponTests.xctest */ = {isa = PBXFileReference; explicitFileType = wrapper.cfbundle; includeInIndex = 0; path = mokponTests.xctest; sourceTree = BUILT_PRODUCTS_DIR; };
		F7AD5F0C2B52F270003B34E7 /* mokponTests.swift */ = {isa = PBXFileReference; lastKnownFileType = sourcecode.swift; path = mokponTests.swift; sourceTree = "<group>"; };
		F7AF33FD2ACDD13600EAC94B /* RootTabViewModel.swift */ = {isa = PBXFileReference; lastKnownFileType = sourcecode.swift; path = RootTabViewModel.swift; sourceTree = "<group>"; };
		F7AF33FF2ACDD2E000EAC94B /* AppContext.swift */ = {isa = PBXFileReference; lastKnownFileType = sourcecode.swift; path = AppContext.swift; sourceTree = "<group>"; };
		F7B7B60D2CFB5E5300834F3F /* ArrayExtension.swift */ = {isa = PBXFileReference; lastKnownFileType = sourcecode.swift; path = ArrayExtension.swift; sourceTree = "<group>"; };
		F7E42C892A7A8E2E004E0BDE /* GoogleService-Info.plist */ = {isa = PBXFileReference; fileEncoding = 4; lastKnownFileType = text.plist.xml; path = "GoogleService-Info.plist"; sourceTree = "<group>"; };
		F7E42C942A7A94CE004E0BDE /* AuthenticationView.swift */ = {isa = PBXFileReference; lastKnownFileType = sourcecode.swift; path = AuthenticationView.swift; sourceTree = "<group>"; };
		F7E42C962A7A95E2004E0BDE /* SignInEmailView.swift */ = {isa = PBXFileReference; lastKnownFileType = sourcecode.swift; path = SignInEmailView.swift; sourceTree = "<group>"; };
		F7E42C982A7A9757004E0BDE /* AuthenticationManager.swift */ = {isa = PBXFileReference; lastKnownFileType = sourcecode.swift; path = AuthenticationManager.swift; sourceTree = "<group>"; };
		F7E42C9A2A7AABA3004E0BDE /* RootView.swift */ = {isa = PBXFileReference; lastKnownFileType = sourcecode.swift; path = RootView.swift; sourceTree = "<group>"; };
		F7E42C9D2A7AADAB004E0BDE /* SettingsView.swift */ = {isa = PBXFileReference; lastKnownFileType = sourcecode.swift; path = SettingsView.swift; sourceTree = "<group>"; };
		F7EADA7429C46DF200B177C9 /* CalculatorView.swift */ = {isa = PBXFileReference; lastKnownFileType = sourcecode.swift; path = CalculatorView.swift; sourceTree = "<group>"; };
		F7EADA7629C5BCA500B177C9 /* NavBarView.swift */ = {isa = PBXFileReference; lastKnownFileType = sourcecode.swift; path = NavBarView.swift; sourceTree = "<group>"; };
		F7EADA7829C5BDBD00B177C9 /* NavBarModel.swift */ = {isa = PBXFileReference; lastKnownFileType = sourcecode.swift; path = NavBarModel.swift; sourceTree = "<group>"; };
		F7EADA7A29C5C03600B177C9 /* HomeView.swift */ = {isa = PBXFileReference; lastKnownFileType = sourcecode.swift; path = HomeView.swift; sourceTree = "<group>"; };
		F7EF4BAC2A014C680093DA82 /* NewTransactionFormViewModel.swift */ = {isa = PBXFileReference; lastKnownFileType = sourcecode.swift; path = NewTransactionFormViewModel.swift; sourceTree = "<group>"; };
		F7FE87A52A14987B005EF3D5 /* CalculatorButton.swift */ = {isa = PBXFileReference; lastKnownFileType = sourcecode.swift; path = CalculatorButton.swift; sourceTree = "<group>"; };
/* End PBXFileReference section */

/* Begin PBXFrameworksBuildPhase section */
		F719DBFD294F0EA600DE1B8E /* Frameworks */ = {
			isa = PBXFrameworksBuildPhase;
			buildActionMask = 2147483647;
			files = (
				F7696C7A2A8A6E61003239E0 /* GoogleSignInSwift in Frameworks */,
				F7E42C8F2A7A8F8C004E0BDE /* FirebaseAnalyticsSwift in Frameworks */,
				F7696C782A8A6E61003239E0 /* GoogleSignIn in Frameworks */,
				F7696C832A8F9EF1003239E0 /* FirebaseFirestoreSwift in Frameworks */,
				F7E42C922A7A9431004E0BDE /* FirebaseAuth in Frameworks */,
				F7E42C8D2A7A8F8C004E0BDE /* FirebaseAnalytics in Frameworks */,
				F7696C812A8F9EF1003239E0 /* FirebaseFirestore in Frameworks */,
			);
			runOnlyForDeploymentPostprocessing = 0;
		};
		F7AD5F072B52F26F003B34E7 /* Frameworks */ = {
			isa = PBXFrameworksBuildPhase;
			buildActionMask = 2147483647;
			files = (
			);
			runOnlyForDeploymentPostprocessing = 0;
		};
/* End PBXFrameworksBuildPhase section */

/* Begin PBXGroup section */
		F7130F9C2A02B1E900972B10 /* ChartsBar */ = {
			isa = PBXGroup;
			children = (
				F729732B29EC40C50007D493 /* ChartsNavBarView.swift */,
				F729732D29EC44090007D493 /* ChartsHeaderView.swift */,
				F7130FA22A02B93200972B10 /* BarChart */,
				F754A44829D6F3F3004A61C8 /* PieChart */,
			);
			path = ChartsBar;
			sourceTree = "<group>";
		};
		F7130F9D2A02B28500972B10 /* ExpensesList */ = {
			isa = PBXGroup;
			children = (
				F78417BF29DC4DE9002D1E24 /* ExpensesListView.swift */,
				F75F90BB29CDE00A00FAD621 /* ExpenseView.swift */,
				F755F3F22AD2F99E000723B3 /* CategoryExpenses */,
			);
			path = ExpensesList;
			sourceTree = "<group>";
		};
		F7130FA22A02B93200972B10 /* BarChart */ = {
			isa = PBXGroup;
			children = (
				F7130FA02A02B55E00972B10 /* BarChartView.swift */,
			);
			path = BarChart;
			sourceTree = "<group>";
		};
		F7130FA32A037E0A00972B10 /* Components */ = {
			isa = PBXGroup;
			children = (
				F7130FA42A03875700972B10 /* Calculator */,
				F789C06429BA12F7002FBBF7 /* HotkeysView.swift */,
				F708F6A02964520100E6E9FA /* Keyboard.swift */,
				F75F77612AADF76000C658F1 /* NumberPad.swift */,
				F7470F6D2AB98B0F00DB4847 /* SliderPad.swift */,
				F75F77632AAE588900C658F1 /* SubcategoryInput.swift */,
				F708F6A229645E1B00E6E9FA /* Type+CategoryView.swift */,
			);
			path = Components;
			sourceTree = "<group>";
		};
		F7130FA42A03875700972B10 /* Calculator */ = {
			isa = PBXGroup;
			children = (
				F7FE87A52A14987B005EF3D5 /* CalculatorButton.swift */,
				F7EADA7429C46DF200B177C9 /* CalculatorView.swift */,
			);
			path = Calculator;
			sourceTree = "<group>";
		};
		F7130FA72A03C42800972B10 /* TransactionsList */ = {
			isa = PBXGroup;
			children = (
				F73DD5E42A0A78B8001BCDAC /* AllTransactuionsView.swift */,
				F719DC13294F344600DE1B8E /* TransactionListView.swift */,
			);
			path = TransactionsList;
			sourceTree = "<group>";
		};
		F7130FA82A03C45700972B10 /* Components */ = {
			isa = PBXGroup;
			children = (
				F708F690295DDB5900E6E9FA /* AddButton.swift */,
				F709306D2956160C0071BF75 /* DebitCard.swift */,
				F7470F6F2AB9C99600DB4847 /* BackgroundCloud.swift */,
				F74128C4298FEA98006D2A8B /* Currencies.swift */,
			);
			path = Components;
			sourceTree = "<group>";
		};
		F7130FA92A03C5DE00972B10 /* NavBar */ = {
			isa = PBXGroup;
			children = (
				F7EADA7629C5BCA500B177C9 /* NavBarView.swift */,
				F7EADA7829C5BDBD00B177C9 /* NavBarModel.swift */,
			);
			path = NavBar;
			sourceTree = "<group>";
		};
		F715D616295B3A1C00B1177F /* Extensions */ = {
			isa = PBXGroup;
			children = (
				F715D614295B3A1100B1177F /* ColorExtension.swift */,
				F7B7B60D2CFB5E5300834F3F /* ArrayExtension.swift */,
				F75F775B2AA721CE00C658F1 /* DateExtension.swift */,
				F79971942A2D052A001FEED3 /* StringExtension.swift */,
				F7130F9A2A02A18900972B10 /* DictionaryExtension.swift */,
				F7470F712ABAED8600DB4847 /* TextExtension.swift */,
				F75F774F2A98E35E00C658F1 /* FireStoreQueryExtension.swift */,
			);
			path = Extensions;
			sourceTree = "<group>";
		};
		F719DBF7294F0EA600DE1B8E = {
			isa = PBXGroup;
			children = (
				F719DC02294F0EA600DE1B8E /* mokpon */,
				F7AD5F0B2B52F270003B34E7 /* mokponTests */,
				F719DC01294F0EA600DE1B8E /* Products */,
				F7E42C902A7A9431004E0BDE /* Frameworks */,
			);
			sourceTree = "<group>";
		};
		F719DC01294F0EA600DE1B8E /* Products */ = {
			isa = PBXGroup;
			children = (
				F719DC00294F0EA600DE1B8E /* mokpon.app */,
				F7AD5F0A2B52F26F003B34E7 /* mokponTests.xctest */,
			);
			name = Products;
			sourceTree = "<group>";
		};
		F719DC02294F0EA600DE1B8E /* mokpon */ = {
			isa = PBXGroup;
			children = (
				F7791CD929E6D3420089E1A6 /* App */,
				F7696C7B2A8A7180003239E0 /* Utilities */,
				F7696C872A8FA0CD003239E0 /* Managers */,
				F735AB2F2954928C007DFBDA /* Fonts */,
				F715D616295B3A1C00B1177F /* Extensions */,
				F735AB30295494B9007DFBDA /* Info.plist */,
				F719DC07294F0EA700DE1B8E /* Assets.xcassets */,
				F7E42C892A7A8E2E004E0BDE /* GoogleService-Info.plist */,
				F719DC09294F0EA700DE1B8E /* Preview Content */,
			);
			path = mokpon;
			sourceTree = "<group>";
		};
		F719DC09294F0EA700DE1B8E /* Preview Content */ = {
			isa = PBXGroup;
			children = (
				F719DC0A294F0EA700DE1B8E /* Preview Assets.xcassets */,
			);
			path = "Preview Content";
			sourceTree = "<group>";
		};
		F735AB2F2954928C007DFBDA /* Fonts */ = {
			isa = PBXGroup;
			children = (
				F708F6982961E77D00E6E9FA /* gothicb.ttf */,
				F735AB2C29549274007DFBDA /* DMSans-Regular.ttf */,
			);
			path = Fonts;
			sourceTree = "<group>";
		};
		F754A44829D6F3F3004A61C8 /* PieChart */ = {
			isa = PBXGroup;
			children = (
				F754A44929D704D9004A61C8 /* PieChartView.swift */,
				F754A44629D6F3E7004A61C8 /* PieSliceView.swift */,
				F7130F982A0297D600972B10 /* PieChart.swift */,
			);
			path = PieChart;
			sourceTree = "<group>";
		};
		F755F3F22AD2F99E000723B3 /* CategoryExpenses */ = {
			isa = PBXGroup;
			children = (
				F79971922A2C9FF2001FEED3 /* CategoryExpensesViewModel.swift */,
				F79971902A2B9B0F001FEED3 /* CategoryExpensesView.swift */,
			);
			path = CategoryExpenses;
			sourceTree = "<group>";
		};
		F7696C7B2A8A7180003239E0 /* Utilities */ = {
			isa = PBXGroup;
			children = (
				F7696C7C2A8A7192003239E0 /* Utilities.swift */,
			);
			path = Utilities;
			sourceTree = "<group>";
		};
		F7696C862A8FA081003239E0 /* Subviews */ = {
			isa = PBXGroup;
			children = (
				F7696C7E2A8A790D003239E0 /* SignInGoogleHelper.swift */,
				F7E42C962A7A95E2004E0BDE /* SignInEmailView.swift */,
			);
			path = Subviews;
			sourceTree = "<group>";
		};
		F7696C872A8FA0CD003239E0 /* Managers */ = {
			isa = PBXGroup;
			children = (
				F75F77572AA4828500C658F1 /* AmountManager.swift */,
				F7E42C982A7A9757004E0BDE /* AuthenticationManager.swift */,
				F75F77592AA61D3900C658F1 /* ChartsManager.swift */,
				F787804F2A0E6E4300244B91 /* CurrencyManager.swift */,
				F7696C902A924D09003239E0 /* DirectoriesManager.swift */,
				F75F77512A9A0B9100C658F1 /* TransactionManager.swift */,
				F7696C892A8FA144003239E0 /* UserManager.swift */,
			);
			path = Managers;
			sourceTree = "<group>";
		};
		F7696C8D2A8FA75B003239E0 /* Subviews */ = {
			isa = PBXGroup;
			children = (
				F7696C8E2A8FA768003239E0 /* ProfileView.swift */,
			);
			path = Subviews;
			sourceTree = "<group>";
		};
		F7791CD929E6D3420089E1A6 /* App */ = {
			isa = PBXGroup;
			children = (
				F719DC03294F0EA600DE1B8E /* MokponApp.swift */,
				F7E42C9A2A7AABA3004E0BDE /* RootView.swift */,
				F719DC05294F0EA600DE1B8E /* RootTabView.swift */,
				F7AF33FD2ACDD13600EAC94B /* RootTabViewModel.swift */,
				F7AF33FF2ACDD2E000EAC94B /* AppContext.swift */,
				F7E42C932A7A94B9004E0BDE /* Authentication */,
				F7791CDA29E6DBA30089E1A6 /* Home */,
				F7791CDF29E6DE350089E1A6 /* Charts */,
				F7E42C9C2A7AAD97004E0BDE /* Settings */,
				F7130FA92A03C5DE00972B10 /* NavBar */,
				F7130FA82A03C45700972B10 /* Components */,
			);
			path = App;
			sourceTree = "<group>";
		};
		F7791CDA29E6DBA30089E1A6 /* Home */ = {
			isa = PBXGroup;
			children = (
				F7EADA7A29C5C03600B177C9 /* HomeView.swift */,
				F7130FA52A03C3BC00972B10 /* HomeModel.swift */,
				F708F68E295DD09500E6E9FA /* HomeViewModel.swift */,
				F7791CDE29E6DCA30089E1A6 /* NewTransactionForm */,
				F7130FA72A03C42800972B10 /* TransactionsList */,
			);
			path = Home;
			sourceTree = "<group>";
		};
		F7791CDE29E6DCA30089E1A6 /* NewTransactionForm */ = {
			isa = PBXGroup;
			children = (
				F708F69229607D0200E6E9FA /* NewTransactionFormView.swift */,
				F7EF4BAC2A014C680093DA82 /* NewTransactionFormViewModel.swift */,
				F7130FA32A037E0A00972B10 /* Components */,
			);
			path = NewTransactionForm;
			sourceTree = "<group>";
		};
		F7791CDF29E6DE350089E1A6 /* Charts */ = {
			isa = PBXGroup;
			children = (
				F75F90B929C8A35400FAD621 /* ChartsView.swift */,
				F79018C029E93FC7001C231D /* ChartsViewModel.swift */,
				F79018C229E9416F001C231D /* ChartsModel.swift */,
				F7130F9C2A02B1E900972B10 /* ChartsBar */,
				F7130F9D2A02B28500972B10 /* ExpensesList */,
			);
			path = Charts;
			sourceTree = "<group>";
		};
		F7AD5F0B2B52F270003B34E7 /* mokponTests */ = {
			isa = PBXGroup;
			children = (
				F7AD5F0C2B52F270003B34E7 /* mokponTests.swift */,
			);
			path = mokponTests;
			sourceTree = "<group>";
		};
		F7E42C902A7A9431004E0BDE /* Frameworks */ = {
			isa = PBXGroup;
			children = (
			);
			name = Frameworks;
			sourceTree = "<group>";
		};
		F7E42C932A7A94B9004E0BDE /* Authentication */ = {
			isa = PBXGroup;
			children = (
				F7E42C942A7A94CE004E0BDE /* AuthenticationView.swift */,
				F7696C862A8FA081003239E0 /* Subviews */,
			);
			path = Authentication;
			sourceTree = "<group>";
		};
		F7E42C9C2A7AAD97004E0BDE /* Settings */ = {
			isa = PBXGroup;
			children = (
				F7E42C9D2A7AADAB004E0BDE /* SettingsView.swift */,
				F7696C8B2A8FA728003239E0 /* SettingsViewModel.swift */,
				F7696C8D2A8FA75B003239E0 /* Subviews */,
			);
			path = Settings;
			sourceTree = "<group>";
		};
/* End PBXGroup section */

/* Begin PBXNativeTarget section */
		F719DBFF294F0EA600DE1B8E /* mokpon */ = {
			isa = PBXNativeTarget;
			buildConfigurationList = F719DC0E294F0EA700DE1B8E /* Build configuration list for PBXNativeTarget "mokpon" */;
			buildPhases = (
				F719DBFC294F0EA600DE1B8E /* Sources */,
				F719DBFD294F0EA600DE1B8E /* Frameworks */,
				F719DBFE294F0EA600DE1B8E /* Resources */,
			);
			buildRules = (
			);
			dependencies = (
			);
			name = mokpon;
			packageProductDependencies = (
				F7E42C8C2A7A8F8C004E0BDE /* FirebaseAnalytics */,
				F7E42C8E2A7A8F8C004E0BDE /* FirebaseAnalyticsSwift */,
				F7E42C912A7A9431004E0BDE /* FirebaseAuth */,
				F7696C772A8A6E61003239E0 /* GoogleSignIn */,
				F7696C792A8A6E61003239E0 /* GoogleSignInSwift */,
				F7696C802A8F9EF1003239E0 /* FirebaseFirestore */,
				F7696C822A8F9EF1003239E0 /* FirebaseFirestoreSwift */,
			);
			productName = mokpon;
			productReference = F719DC00294F0EA600DE1B8E /* mokpon.app */;
			productType = "com.apple.product-type.application";
		};
		F7AD5F092B52F26F003B34E7 /* mokponTests */ = {
			isa = PBXNativeTarget;
			buildConfigurationList = F7AD5F122B52F270003B34E7 /* Build configuration list for PBXNativeTarget "mokponTests" */;
			buildPhases = (
				F7AD5F062B52F26F003B34E7 /* Sources */,
				F7AD5F072B52F26F003B34E7 /* Frameworks */,
				F7AD5F082B52F26F003B34E7 /* Resources */,
			);
			buildRules = (
			);
			dependencies = (
				F7AD5F0F2B52F270003B34E7 /* PBXTargetDependency */,
			);
			name = mokponTests;
			productName = mokponTests;
			productReference = F7AD5F0A2B52F26F003B34E7 /* mokponTests.xctest */;
			productType = "com.apple.product-type.bundle.unit-test";
		};
/* End PBXNativeTarget section */

/* Begin PBXProject section */
		F719DBF8294F0EA600DE1B8E /* Project object */ = {
			isa = PBXProject;
			attributes = {
				BuildIndependentTargetsInParallel = 1;
				LastSwiftUpdateCheck = 1520;
				LastUpgradeCheck = 1500;
				TargetAttributes = {
					F719DBFF294F0EA600DE1B8E = {
						CreatedOnToolsVersion = 14.1;
					};
					F7AD5F092B52F26F003B34E7 = {
						CreatedOnToolsVersion = 15.2;
						TestTargetID = F719DBFF294F0EA600DE1B8E;
					};
				};
			};
			buildConfigurationList = F719DBFB294F0EA600DE1B8E /* Build configuration list for PBXProject "mokpon" */;
			compatibilityVersion = "Xcode 14.0";
			developmentRegion = en;
			hasScannedForEncodings = 0;
			knownRegions = (
				en,
				Base,
			);
			mainGroup = F719DBF7294F0EA600DE1B8E;
			packageReferences = (
				F7E42C8B2A7A8F8C004E0BDE /* XCRemoteSwiftPackageReference "firebase-ios-sdk" */,
				F7696C762A8A6E61003239E0 /* XCRemoteSwiftPackageReference "GoogleSignIn-iOS" */,
			);
			productRefGroup = F719DC01294F0EA600DE1B8E /* Products */;
			projectDirPath = "";
			projectRoot = "";
			targets = (
				F719DBFF294F0EA600DE1B8E /* mokpon */,
				F7AD5F092B52F26F003B34E7 /* mokponTests */,
			);
		};
/* End PBXProject section */

/* Begin PBXResourcesBuildPhase section */
		F719DBFE294F0EA600DE1B8E /* Resources */ = {
			isa = PBXResourcesBuildPhase;
			buildActionMask = 2147483647;
			files = (
				F7E42C8A2A7A8E2E004E0BDE /* GoogleService-Info.plist in Resources */,
				F708F6992961E77D00E6E9FA /* gothicb.ttf in Resources */,
				F735AB2D29549274007DFBDA /* DMSans-Regular.ttf in Resources */,
				F719DC0B294F0EA700DE1B8E /* Preview Assets.xcassets in Resources */,
				F719DC08294F0EA700DE1B8E /* Assets.xcassets in Resources */,
			);
			runOnlyForDeploymentPostprocessing = 0;
		};
		F7AD5F082B52F26F003B34E7 /* Resources */ = {
			isa = PBXResourcesBuildPhase;
			buildActionMask = 2147483647;
			files = (
			);
			runOnlyForDeploymentPostprocessing = 0;
		};
/* End PBXResourcesBuildPhase section */

/* Begin PBXSourcesBuildPhase section */
		F719DBFC294F0EA600DE1B8E /* Sources */ = {
			isa = PBXSourcesBuildPhase;
			buildActionMask = 2147483647;
			files = (
				F75F90BA29C8A35400FAD621 /* ChartsView.swift in Sources */,
				F75F775C2AA721CE00C658F1 /* DateExtension.swift in Sources */,
				F78780502A0E6E4300244B91 /* CurrencyManager.swift in Sources */,
				F7696C7D2A8A7192003239E0 /* Utilities.swift in Sources */,
				F7130FA62A03C3BC00972B10 /* HomeModel.swift in Sources */,
				F73DD5E52A0A78B8001BCDAC /* AllTransactuionsView.swift in Sources */,
				F708F6A329645E1B00E6E9FA /* Type+CategoryView.swift in Sources */,
				F7E42C992A7A9757004E0BDE /* AuthenticationManager.swift in Sources */,
				F75F77622AADF76000C658F1 /* NumberPad.swift in Sources */,
				F719DC14294F344600DE1B8E /* TransactionListView.swift in Sources */,
				F729732C29EC40C50007D493 /* ChartsNavBarView.swift in Sources */,
				F754A44729D6F3E7004A61C8 /* PieSliceView.swift in Sources */,
				F75F77642AAE588900C658F1 /* SubcategoryInput.swift in Sources */,
				F7130FA12A02B55E00972B10 /* BarChartView.swift in Sources */,
				F75F77522A9A0B9100C658F1 /* TransactionManager.swift in Sources */,
				F7B7B60E2CFB5E5800834F3F /* ArrayExtension.swift in Sources */,
				F7130F9B2A02A18900972B10 /* DictionaryExtension.swift in Sources */,
				F7AF34002ACDD2E000EAC94B /* AppContext.swift in Sources */,
				F7470F722ABAED8600DB4847 /* TextExtension.swift in Sources */,
				F75F77502A98E35E00C658F1 /* FireStoreQueryExtension.swift in Sources */,
				F75F77582AA4828500C658F1 /* AmountManager.swift in Sources */,
				F7AF33FE2ACDD13600EAC94B /* RootTabViewModel.swift in Sources */,
				F79971952A2D052A001FEED3 /* StringExtension.swift in Sources */,
				F7E42C9E2A7AADAB004E0BDE /* SettingsView.swift in Sources */,
				F754A44A29D704D9004A61C8 /* PieChartView.swift in Sources */,
				F719DC06294F0EA600DE1B8E /* RootTabView.swift in Sources */,
				F79971932A2C9FF2001FEED3 /* CategoryExpensesViewModel.swift in Sources */,
				F75F775A2AA61D3900C658F1 /* ChartsManager.swift in Sources */,
				F79018C129E93FC7001C231D /* ChartsViewModel.swift in Sources */,
				F708F691295DDB5900E6E9FA /* AddButton.swift in Sources */,
				F75F90BC29CDE00A00FAD621 /* ExpenseView.swift in Sources */,
				F7E42C952A7A94CE004E0BDE /* AuthenticationView.swift in Sources */,
				F7EADA7729C5BCA500B177C9 /* NavBarView.swift in Sources */,
				F7E42C972A7A95E2004E0BDE /* SignInEmailView.swift in Sources */,
				F79018C329E9416F001C231D /* ChartsModel.swift in Sources */,
				F7EADA7529C46DF200B177C9 /* CalculatorView.swift in Sources */,
				F7696C8F2A8FA768003239E0 /* ProfileView.swift in Sources */,
				F789C06529BA12F7002FBBF7 /* HotkeysView.swift in Sources */,
				F709306E2956160C0071BF75 /* DebitCard.swift in Sources */,
				F7EADA7B29C5C03600B177C9 /* HomeView.swift in Sources */,
				F7EADA7929C5BDBD00B177C9 /* NavBarModel.swift in Sources */,
				F708F68F295DD09500E6E9FA /* HomeViewModel.swift in Sources */,
				F7696C912A924D09003239E0 /* DirectoriesManager.swift in Sources */,
				F74128C5298FEA98006D2A8B /* Currencies.swift in Sources */,
				F7130F992A0297D600972B10 /* PieChart.swift in Sources */,
				F715D615295B3A1100B1177F /* ColorExtension.swift in Sources */,
				F7E42C9B2A7AABA3004E0BDE /* RootView.swift in Sources */,
				F7470F702AB9C99600DB4847 /* BackgroundCloud.swift in Sources */,
				F79971912A2B9B0F001FEED3 /* CategoryExpensesView.swift in Sources */,
				F78417C029DC4DE9002D1E24 /* ExpensesListView.swift in Sources */,
				F719DC04294F0EA600DE1B8E /* MokponApp.swift in Sources */,
				F7EF4BAD2A014C680093DA82 /* NewTransactionFormViewModel.swift in Sources */,
				F7FE87A62A14987B005EF3D5 /* CalculatorButton.swift in Sources */,
				F7696C7F2A8A790D003239E0 /* SignInGoogleHelper.swift in Sources */,
				F708F6A12964520100E6E9FA /* Keyboard.swift in Sources */,
				F729732E29EC44090007D493 /* ChartsHeaderView.swift in Sources */,
				F708F69329607D0200E6E9FA /* NewTransactionFormView.swift in Sources */,
				F7696C8A2A8FA144003239E0 /* UserManager.swift in Sources */,
				F7470F6E2AB98B0F00DB4847 /* SliderPad.swift in Sources */,
				F7696C8C2A8FA728003239E0 /* SettingsViewModel.swift in Sources */,
			);
			runOnlyForDeploymentPostprocessing = 0;
		};
		F7AD5F062B52F26F003B34E7 /* Sources */ = {
			isa = PBXSourcesBuildPhase;
			buildActionMask = 2147483647;
			files = (
				F7AD5F0D2B52F270003B34E7 /* mokponTests.swift in Sources */,
			);
			runOnlyForDeploymentPostprocessing = 0;
		};
/* End PBXSourcesBuildPhase section */

/* Begin PBXTargetDependency section */
		F7AD5F0F2B52F270003B34E7 /* PBXTargetDependency */ = {
			isa = PBXTargetDependency;
			target = F719DBFF294F0EA600DE1B8E /* mokpon */;
			targetProxy = F7AD5F0E2B52F270003B34E7 /* PBXContainerItemProxy */;
		};
/* End PBXTargetDependency section */

/* Begin XCBuildConfiguration section */
		F719DC0C294F0EA700DE1B8E /* Debug */ = {
			isa = XCBuildConfiguration;
			buildSettings = {
				ALWAYS_SEARCH_USER_PATHS = NO;
				ASSETCATALOG_COMPILER_GENERATE_SWIFT_ASSET_SYMBOL_EXTENSIONS = YES;
				CLANG_ANALYZER_NONNULL = YES;
				CLANG_ANALYZER_NUMBER_OBJECT_CONVERSION = YES_AGGRESSIVE;
				CLANG_CXX_LANGUAGE_STANDARD = "gnu++20";
				CLANG_ENABLE_MODULES = YES;
				CLANG_ENABLE_OBJC_ARC = YES;
				CLANG_ENABLE_OBJC_WEAK = YES;
				CLANG_WARN_BLOCK_CAPTURE_AUTORELEASING = YES;
				CLANG_WARN_BOOL_CONVERSION = YES;
				CLANG_WARN_COMMA = YES;
				CLANG_WARN_CONSTANT_CONVERSION = YES;
				CLANG_WARN_DEPRECATED_OBJC_IMPLEMENTATIONS = YES;
				CLANG_WARN_DIRECT_OBJC_ISA_USAGE = YES_ERROR;
				CLANG_WARN_DOCUMENTATION_COMMENTS = YES;
				CLANG_WARN_EMPTY_BODY = YES;
				CLANG_WARN_ENUM_CONVERSION = YES;
				CLANG_WARN_INFINITE_RECURSION = YES;
				CLANG_WARN_INT_CONVERSION = YES;
				CLANG_WARN_NON_LITERAL_NULL_CONVERSION = YES;
				CLANG_WARN_OBJC_IMPLICIT_RETAIN_SELF = YES;
				CLANG_WARN_OBJC_LITERAL_CONVERSION = YES;
				CLANG_WARN_OBJC_ROOT_CLASS = YES_ERROR;
				CLANG_WARN_QUOTED_INCLUDE_IN_FRAMEWORK_HEADER = YES;
				CLANG_WARN_RANGE_LOOP_ANALYSIS = YES;
				CLANG_WARN_STRICT_PROTOTYPES = YES;
				CLANG_WARN_SUSPICIOUS_MOVE = YES;
				CLANG_WARN_UNGUARDED_AVAILABILITY = YES_AGGRESSIVE;
				CLANG_WARN_UNREACHABLE_CODE = YES;
				CLANG_WARN__DUPLICATE_METHOD_MATCH = YES;
				COPY_PHASE_STRIP = NO;
				DEBUG_INFORMATION_FORMAT = dwarf;
				ENABLE_STRICT_OBJC_MSGSEND = YES;
				ENABLE_TESTABILITY = YES;
				ENABLE_USER_SCRIPT_SANDBOXING = YES;
				GCC_C_LANGUAGE_STANDARD = gnu11;
				GCC_DYNAMIC_NO_PIC = NO;
				GCC_NO_COMMON_BLOCKS = YES;
				GCC_OPTIMIZATION_LEVEL = 0;
				GCC_PREPROCESSOR_DEFINITIONS = (
					"DEBUG=1",
					"$(inherited)",
				);
				GCC_WARN_64_TO_32_BIT_CONVERSION = YES;
				GCC_WARN_ABOUT_RETURN_TYPE = YES_ERROR;
				GCC_WARN_UNDECLARED_SELECTOR = YES;
				GCC_WARN_UNINITIALIZED_AUTOS = YES_AGGRESSIVE;
				GCC_WARN_UNUSED_FUNCTION = YES;
				GCC_WARN_UNUSED_VARIABLE = YES;
				IPHONEOS_DEPLOYMENT_TARGET = 16.1;
				MTL_ENABLE_DEBUG_INFO = INCLUDE_SOURCE;
				MTL_FAST_MATH = YES;
				ONLY_ACTIVE_ARCH = YES;
				SDKROOT = iphoneos;
				SWIFT_ACTIVE_COMPILATION_CONDITIONS = DEBUG;
				SWIFT_OPTIMIZATION_LEVEL = "-Onone";
			};
			name = Debug;
		};
		F719DC0D294F0EA700DE1B8E /* Release */ = {
			isa = XCBuildConfiguration;
			buildSettings = {
				ALWAYS_SEARCH_USER_PATHS = NO;
				ASSETCATALOG_COMPILER_GENERATE_SWIFT_ASSET_SYMBOL_EXTENSIONS = YES;
				CLANG_ANALYZER_NONNULL = YES;
				CLANG_ANALYZER_NUMBER_OBJECT_CONVERSION = YES_AGGRESSIVE;
				CLANG_CXX_LANGUAGE_STANDARD = "gnu++20";
				CLANG_ENABLE_MODULES = YES;
				CLANG_ENABLE_OBJC_ARC = YES;
				CLANG_ENABLE_OBJC_WEAK = YES;
				CLANG_WARN_BLOCK_CAPTURE_AUTORELEASING = YES;
				CLANG_WARN_BOOL_CONVERSION = YES;
				CLANG_WARN_COMMA = YES;
				CLANG_WARN_CONSTANT_CONVERSION = YES;
				CLANG_WARN_DEPRECATED_OBJC_IMPLEMENTATIONS = YES;
				CLANG_WARN_DIRECT_OBJC_ISA_USAGE = YES_ERROR;
				CLANG_WARN_DOCUMENTATION_COMMENTS = YES;
				CLANG_WARN_EMPTY_BODY = YES;
				CLANG_WARN_ENUM_CONVERSION = YES;
				CLANG_WARN_INFINITE_RECURSION = YES;
				CLANG_WARN_INT_CONVERSION = YES;
				CLANG_WARN_NON_LITERAL_NULL_CONVERSION = YES;
				CLANG_WARN_OBJC_IMPLICIT_RETAIN_SELF = YES;
				CLANG_WARN_OBJC_LITERAL_CONVERSION = YES;
				CLANG_WARN_OBJC_ROOT_CLASS = YES_ERROR;
				CLANG_WARN_QUOTED_INCLUDE_IN_FRAMEWORK_HEADER = YES;
				CLANG_WARN_RANGE_LOOP_ANALYSIS = YES;
				CLANG_WARN_STRICT_PROTOTYPES = YES;
				CLANG_WARN_SUSPICIOUS_MOVE = YES;
				CLANG_WARN_UNGUARDED_AVAILABILITY = YES_AGGRESSIVE;
				CLANG_WARN_UNREACHABLE_CODE = YES;
				CLANG_WARN__DUPLICATE_METHOD_MATCH = YES;
				COPY_PHASE_STRIP = NO;
				DEBUG_INFORMATION_FORMAT = "dwarf-with-dsym";
				ENABLE_NS_ASSERTIONS = NO;
				ENABLE_STRICT_OBJC_MSGSEND = YES;
				ENABLE_USER_SCRIPT_SANDBOXING = YES;
				GCC_C_LANGUAGE_STANDARD = gnu11;
				GCC_NO_COMMON_BLOCKS = YES;
				GCC_WARN_64_TO_32_BIT_CONVERSION = YES;
				GCC_WARN_ABOUT_RETURN_TYPE = YES_ERROR;
				GCC_WARN_UNDECLARED_SELECTOR = YES;
				GCC_WARN_UNINITIALIZED_AUTOS = YES_AGGRESSIVE;
				GCC_WARN_UNUSED_FUNCTION = YES;
				GCC_WARN_UNUSED_VARIABLE = YES;
				IPHONEOS_DEPLOYMENT_TARGET = 16.1;
				MTL_ENABLE_DEBUG_INFO = NO;
				MTL_FAST_MATH = YES;
				SDKROOT = iphoneos;
				SWIFT_COMPILATION_MODE = wholemodule;
				SWIFT_OPTIMIZATION_LEVEL = "-O";
				VALIDATE_PRODUCT = YES;
			};
			name = Release;
		};
		F719DC0F294F0EA700DE1B8E /* Debug */ = {
			isa = XCBuildConfiguration;
			buildSettings = {
				ASSETCATALOG_COMPILER_APPICON_NAME = AppIcon;
				ASSETCATALOG_COMPILER_GLOBAL_ACCENT_COLOR_NAME = AccentColor;
				CODE_SIGN_STYLE = Automatic;
				CURRENT_PROJECT_VERSION = 1;
				DEVELOPMENT_ASSET_PATHS = "\"mokpon/Preview Content\"";
				DEVELOPMENT_TEAM = P4JWM35345;
				ENABLE_PREVIEWS = YES;
				GENERATE_INFOPLIST_FILE = YES;
				INFOPLIST_FILE = mokpon/Info.plist;
				INFOPLIST_KEY_CFBundleDisplayName = "";
				INFOPLIST_KEY_UIApplicationSceneManifest_Generation = YES;
				INFOPLIST_KEY_UIApplicationSupportsIndirectInputEvents = YES;
				INFOPLIST_KEY_UILaunchScreen_Generation = YES;
				INFOPLIST_KEY_UISupportedInterfaceOrientations_iPad = "UIInterfaceOrientationPortrait UIInterfaceOrientationPortraitUpsideDown UIInterfaceOrientationLandscapeLeft UIInterfaceOrientationLandscapeRight";
				INFOPLIST_KEY_UISupportedInterfaceOrientations_iPhone = UIInterfaceOrientationPortrait;
				IPHONEOS_DEPLOYMENT_TARGET = 16.4;
				LD_RUNPATH_SEARCH_PATHS = (
					"$(inherited)",
					"@executable_path/Frameworks",
				);
				MARKETING_VERSION = 1.0;
				PRODUCT_BUNDLE_IDENTIFIER = ab.mokpon;
				PRODUCT_NAME = "$(TARGET_NAME)";
				SWIFT_EMIT_LOC_STRINGS = YES;
				SWIFT_VERSION = 5.0;
				TARGETED_DEVICE_FAMILY = "1,2";
			};
			name = Debug;
		};
		F719DC10294F0EA700DE1B8E /* Release */ = {
			isa = XCBuildConfiguration;
			buildSettings = {
				ASSETCATALOG_COMPILER_APPICON_NAME = AppIcon;
				ASSETCATALOG_COMPILER_GLOBAL_ACCENT_COLOR_NAME = AccentColor;
				CODE_SIGN_STYLE = Automatic;
				CURRENT_PROJECT_VERSION = 1;
				DEVELOPMENT_ASSET_PATHS = "\"mokpon/Preview Content\"";
				DEVELOPMENT_TEAM = P4JWM35345;
				ENABLE_PREVIEWS = YES;
				GENERATE_INFOPLIST_FILE = YES;
				INFOPLIST_FILE = mokpon/Info.plist;
				INFOPLIST_KEY_CFBundleDisplayName = "";
				INFOPLIST_KEY_UIApplicationSceneManifest_Generation = YES;
				INFOPLIST_KEY_UIApplicationSupportsIndirectInputEvents = YES;
				INFOPLIST_KEY_UILaunchScreen_Generation = YES;
				INFOPLIST_KEY_UISupportedInterfaceOrientations_iPad = "UIInterfaceOrientationPortrait UIInterfaceOrientationPortraitUpsideDown UIInterfaceOrientationLandscapeLeft UIInterfaceOrientationLandscapeRight";
				INFOPLIST_KEY_UISupportedInterfaceOrientations_iPhone = UIInterfaceOrientationPortrait;
				IPHONEOS_DEPLOYMENT_TARGET = 16.4;
				LD_RUNPATH_SEARCH_PATHS = (
					"$(inherited)",
					"@executable_path/Frameworks",
				);
				MARKETING_VERSION = 1.0;
				PRODUCT_BUNDLE_IDENTIFIER = ab.mokpon;
				PRODUCT_NAME = "$(TARGET_NAME)";
				SWIFT_EMIT_LOC_STRINGS = YES;
				SWIFT_VERSION = 5.0;
				TARGETED_DEVICE_FAMILY = "1,2";
			};
			name = Release;
		};
		F7AD5F102B52F270003B34E7 /* Debug */ = {
			isa = XCBuildConfiguration;
			buildSettings = {
				BUNDLE_LOADER = "$(TEST_HOST)";
				CODE_SIGN_STYLE = Automatic;
				CURRENT_PROJECT_VERSION = 1;
				DEVELOPMENT_TEAM = P4JWM35345;
				GCC_C_LANGUAGE_STANDARD = gnu17;
				GENERATE_INFOPLIST_FILE = YES;
				IPHONEOS_DEPLOYMENT_TARGET = 17.2;
				LOCALIZATION_PREFERS_STRING_CATALOGS = YES;
				MARKETING_VERSION = 1.0;
				PRODUCT_BUNDLE_IDENTIFIER = ab.mokponTests;
				PRODUCT_NAME = "$(TARGET_NAME)";
				SWIFT_ACTIVE_COMPILATION_CONDITIONS = "DEBUG $(inherited)";
				SWIFT_EMIT_LOC_STRINGS = NO;
				SWIFT_VERSION = 5.0;
				TARGETED_DEVICE_FAMILY = "1,2";
				TEST_HOST = "$(BUILT_PRODUCTS_DIR)/mokpon.app/$(BUNDLE_EXECUTABLE_FOLDER_PATH)/mokpon";
			};
			name = Debug;
		};
		F7AD5F112B52F270003B34E7 /* Release */ = {
			isa = XCBuildConfiguration;
			buildSettings = {
				BUNDLE_LOADER = "$(TEST_HOST)";
				CODE_SIGN_STYLE = Automatic;
				CURRENT_PROJECT_VERSION = 1;
				DEVELOPMENT_TEAM = P4JWM35345;
				GCC_C_LANGUAGE_STANDARD = gnu17;
				GENERATE_INFOPLIST_FILE = YES;
				IPHONEOS_DEPLOYMENT_TARGET = 17.2;
				LOCALIZATION_PREFERS_STRING_CATALOGS = YES;
				MARKETING_VERSION = 1.0;
				PRODUCT_BUNDLE_IDENTIFIER = ab.mokponTests;
				PRODUCT_NAME = "$(TARGET_NAME)";
				SWIFT_EMIT_LOC_STRINGS = NO;
				SWIFT_VERSION = 5.0;
				TARGETED_DEVICE_FAMILY = "1,2";
				TEST_HOST = "$(BUILT_PRODUCTS_DIR)/mokpon.app/$(BUNDLE_EXECUTABLE_FOLDER_PATH)/mokpon";
			};
			name = Release;
		};
/* End XCBuildConfiguration section */

/* Begin XCConfigurationList section */
		F719DBFB294F0EA600DE1B8E /* Build configuration list for PBXProject "mokpon" */ = {
			isa = XCConfigurationList;
			buildConfigurations = (
				F719DC0C294F0EA700DE1B8E /* Debug */,
				F719DC0D294F0EA700DE1B8E /* Release */,
			);
			defaultConfigurationIsVisible = 0;
			defaultConfigurationName = Release;
		};
		F719DC0E294F0EA700DE1B8E /* Build configuration list for PBXNativeTarget "mokpon" */ = {
			isa = XCConfigurationList;
			buildConfigurations = (
				F719DC0F294F0EA700DE1B8E /* Debug */,
				F719DC10294F0EA700DE1B8E /* Release */,
			);
			defaultConfigurationIsVisible = 0;
			defaultConfigurationName = Release;
		};
		F7AD5F122B52F270003B34E7 /* Build configuration list for PBXNativeTarget "mokponTests" */ = {
			isa = XCConfigurationList;
			buildConfigurations = (
				F7AD5F102B52F270003B34E7 /* Debug */,
				F7AD5F112B52F270003B34E7 /* Release */,
			);
			defaultConfigurationIsVisible = 0;
			defaultConfigurationName = Release;
		};
/* End XCConfigurationList section */

/* Begin XCRemoteSwiftPackageReference section */
		F7696C762A8A6E61003239E0 /* XCRemoteSwiftPackageReference "GoogleSignIn-iOS" */ = {
			isa = XCRemoteSwiftPackageReference;
			repositoryURL = "https://github.com/google/GoogleSignIn-iOS.git";
			requirement = {
				kind = upToNextMajorVersion;
				minimumVersion = 7.0.0;
			};
		};
		F7E42C8B2A7A8F8C004E0BDE /* XCRemoteSwiftPackageReference "firebase-ios-sdk" */ = {
			isa = XCRemoteSwiftPackageReference;
			repositoryURL = "https://github.com/firebase/firebase-ios-sdk.git";
			requirement = {
				kind = upToNextMajorVersion;
				minimumVersion = 10.0.0;
			};
		};
/* End XCRemoteSwiftPackageReference section */

/* Begin XCSwiftPackageProductDependency section */
		F7696C772A8A6E61003239E0 /* GoogleSignIn */ = {
			isa = XCSwiftPackageProductDependency;
			package = F7696C762A8A6E61003239E0 /* XCRemoteSwiftPackageReference "GoogleSignIn-iOS" */;
			productName = GoogleSignIn;
		};
		F7696C792A8A6E61003239E0 /* GoogleSignInSwift */ = {
			isa = XCSwiftPackageProductDependency;
			package = F7696C762A8A6E61003239E0 /* XCRemoteSwiftPackageReference "GoogleSignIn-iOS" */;
			productName = GoogleSignInSwift;
		};
		F7696C802A8F9EF1003239E0 /* FirebaseFirestore */ = {
			isa = XCSwiftPackageProductDependency;
			package = F7E42C8B2A7A8F8C004E0BDE /* XCRemoteSwiftPackageReference "firebase-ios-sdk" */;
			productName = FirebaseFirestore;
		};
		F7696C822A8F9EF1003239E0 /* FirebaseFirestoreSwift */ = {
			isa = XCSwiftPackageProductDependency;
			package = F7E42C8B2A7A8F8C004E0BDE /* XCRemoteSwiftPackageReference "firebase-ios-sdk" */;
			productName = FirebaseFirestoreSwift;
		};
		F7E42C8C2A7A8F8C004E0BDE /* FirebaseAnalytics */ = {
			isa = XCSwiftPackageProductDependency;
			package = F7E42C8B2A7A8F8C004E0BDE /* XCRemoteSwiftPackageReference "firebase-ios-sdk" */;
			productName = FirebaseAnalytics;
		};
		F7E42C8E2A7A8F8C004E0BDE /* FirebaseAnalyticsSwift */ = {
			isa = XCSwiftPackageProductDependency;
			package = F7E42C8B2A7A8F8C004E0BDE /* XCRemoteSwiftPackageReference "firebase-ios-sdk" */;
			productName = FirebaseAnalyticsSwift;
		};
		F7E42C912A7A9431004E0BDE /* FirebaseAuth */ = {
			isa = XCSwiftPackageProductDependency;
			package = F7E42C8B2A7A8F8C004E0BDE /* XCRemoteSwiftPackageReference "firebase-ios-sdk" */;
			productName = FirebaseAuth;
		};
/* End XCSwiftPackageProductDependency section */
	};
	rootObject = F719DBF8294F0EA600DE1B8E /* Project object */;
}
